// !$*UTF8*$!
{
	archiveVersion = 1;
	classes = {
	};
	objectVersion = 48;
	objects = {

/* Begin PBXBuildFile section */
		DA015BF42073E36300A0342F /* UIViewExtension.swift in Sources */ = {isa = PBXBuildFile; fileRef = DA015BF32073E36300A0342F /* UIViewExtension.swift */; };
		DA015BF72073E3FC00A0342F /* GCDBlackBox.swift in Sources */ = {isa = PBXBuildFile; fileRef = DA015BF62073E3FC00A0342F /* GCDBlackBox.swift */; };
		DA13C6422058468700762215 /* CategoryObjects.swift in Sources */ = {isa = PBXBuildFile; fileRef = DA13C6412058468700762215 /* CategoryObjects.swift */; };
		DA2BBE9B20A532EE00356777 /* ProfileSelectedPerson.swift in Sources */ = {isa = PBXBuildFile; fileRef = DA2BBE9A20A532EE00356777 /* ProfileSelectedPerson.swift */; };
		DA359C642043324F000190AD /* AppDelegate.swift in Sources */ = {isa = PBXBuildFile; fileRef = DA359C632043324F000190AD /* AppDelegate.swift */; };
		DA359C692043324F000190AD /* Main.storyboard in Resources */ = {isa = PBXBuildFile; fileRef = DA359C672043324F000190AD /* Main.storyboard */; };
		DA359C6B2043324F000190AD /* Assets.xcassets in Resources */ = {isa = PBXBuildFile; fileRef = DA359C6A2043324F000190AD /* Assets.xcassets */; };
		DA359C6E2043324F000190AD /* LaunchScreen.storyboard in Resources */ = {isa = PBXBuildFile; fileRef = DA359C6C2043324F000190AD /* LaunchScreen.storyboard */; };
		DA359C7B204375BF000190AD /* HomeCollectionViewCell.swift in Sources */ = {isa = PBXBuildFile; fileRef = DA359C7A204375BF000190AD /* HomeCollectionViewCell.swift */; };
		DA359C7D20489C72000190AD /* Goal.swift in Sources */ = {isa = PBXBuildFile; fileRef = DA359C7C20489C72000190AD /* Goal.swift */; };
		DA361D2320818BDF007ACE59 /* Constants.swift in Sources */ = {isa = PBXBuildFile; fileRef = DA361D2220818BDF007ACE59 /* Constants.swift */; };
		DA361D2D20840DD3007ACE59 /* Login.storyboard in Resources */ = {isa = PBXBuildFile; fileRef = DA361D2C20840DD3007ACE59 /* Login.storyboard */; };
		DA361D2F2084273E007ACE59 /* User.swift in Sources */ = {isa = PBXBuildFile; fileRef = DA361D2E2084273E007ACE59 /* User.swift */; };
		DA361D3120844F41007ACE59 /* NewLoginViewController.swift in Sources */ = {isa = PBXBuildFile; fileRef = DA361D3020844F41007ACE59 /* NewLoginViewController.swift */; };
		DA361D332084566E007ACE59 /* UserService.swift in Sources */ = {isa = PBXBuildFile; fileRef = DA361D322084566E007ACE59 /* UserService.swift */; };
		DA361D3520858297007ACE59 /* Storyboard+Utility.swift in Sources */ = {isa = PBXBuildFile; fileRef = DA361D3420858297007ACE59 /* Storyboard+Utility.swift */; };
		DA361D3720882A7A007ACE59 /* HomeFooterCell.swift in Sources */ = {isa = PBXBuildFile; fileRef = DA361D3620882A7A007ACE59 /* HomeFooterCell.swift */; };
		DA361D3920896E5D007ACE59 /* Date+convertToString.swift in Sources */ = {isa = PBXBuildFile; fileRef = DA361D3820896E5D007ACE59 /* Date+convertToString.swift */; };
		DA361D3B208AB32D007ACE59 /* NewRegisterViewController.swift in Sources */ = {isa = PBXBuildFile; fileRef = DA361D3A208AB32D007ACE59 /* NewRegisterViewController.swift */; };
		DA361D3D208B8E77007ACE59 /* ThisLoginViewController.swift in Sources */ = {isa = PBXBuildFile; fileRef = DA361D3C208B8E77007ACE59 /* ThisLoginViewController.swift */; };
		DA361D40208BC8B6007ACE59 /* SubscriptionViewController.swift in Sources */ = {isa = PBXBuildFile; fileRef = DA361D3F208BC8B6007ACE59 /* SubscriptionViewController.swift */; };
		DA3F77C52055BE4800F7361A /* Tip.swift in Sources */ = {isa = PBXBuildFile; fileRef = DA3F77C42055BE4800F7361A /* Tip.swift */; };
		DA59A246209D48AB008018D1 /* List.swift in Sources */ = {isa = PBXBuildFile; fileRef = DA59A245209D48AB008018D1 /* List.swift */; };
		DA59A248209D48EA008018D1 /* ListType.swift in Sources */ = {isa = PBXBuildFile; fileRef = DA59A247209D48EA008018D1 /* ListType.swift */; };
		DA59A24A209E4845008018D1 /* NewUserList.swift in Sources */ = {isa = PBXBuildFile; fileRef = DA59A249209E4845008018D1 /* NewUserList.swift */; };
		DA5AED9F207683120094AA57 /* GoogleService-Info.plist in Resources */ = {isa = PBXBuildFile; fileRef = DA5AED9E207683120094AA57 /* GoogleService-Info.plist */; };
		DA5AEDA320769C5E0094AA57 /* LoginViewController.swift in Sources */ = {isa = PBXBuildFile; fileRef = DA5AEDA220769C5E0094AA57 /* LoginViewController.swift */; };
		DA5AEDA520769C800094AA57 /* RegisterViewController.swift in Sources */ = {isa = PBXBuildFile; fileRef = DA5AEDA420769C800094AA57 /* RegisterViewController.swift */; };
		DA5AEDA720769D0E0094AA57 /* WelcomeViewController.swift in Sources */ = {isa = PBXBuildFile; fileRef = DA5AEDA620769D0E0094AA57 /* WelcomeViewController.swift */; };
		DA5AEDAE2077000F0094AA57 /* JournalMessage.swift in Sources */ = {isa = PBXBuildFile; fileRef = DA5AEDAD2077000F0094AA57 /* JournalMessage.swift */; };
		DA5AEDB420794CF90094AA57 /* ProfileStatement.swift in Sources */ = {isa = PBXBuildFile; fileRef = DA5AEDB320794CF90094AA57 /* ProfileStatement.swift */; };
		DA5EE4AB20901E6E00B54438 /* Post.swift in Sources */ = {isa = PBXBuildFile; fileRef = DA5EE4AA20901E6E00B54438 /* Post.swift */; };
		DA5EE4AD20901FA100B54438 /* PostService.swift in Sources */ = {isa = PBXBuildFile; fileRef = DA5EE4AC20901FA100B54438 /* PostService.swift */; };
		DA5EE4AF2090E7F300B54438 /* PostViewController.swift in Sources */ = {isa = PBXBuildFile; fileRef = DA5EE4AE2090E7F300B54438 /* PostViewController.swift */; };
		DA5EE4B12090EA7C00B54438 /* PostUserTextCell.swift in Sources */ = {isa = PBXBuildFile; fileRef = DA5EE4B02090EA7C00B54438 /* PostUserTextCell.swift */; };
		DA5EE4B62090EF7300B54438 /* PostHeaderCell.swift in Sources */ = {isa = PBXBuildFile; fileRef = DA5EE4B52090EF7300B54438 /* PostHeaderCell.swift */; };
		DA5EE4B82090EFA400B54438 /* PostFooterCell.swift in Sources */ = {isa = PBXBuildFile; fileRef = DA5EE4B72090EFA400B54438 /* PostFooterCell.swift */; };
		DA5EE4BA2091062F00B54438 /* UserTextService.swift in Sources */ = {isa = PBXBuildFile; fileRef = DA5EE4B92091062F00B54438 /* UserTextService.swift */; };
		DA5EE4BC2091280000B54438 /* DatabaseReference+Location.swift in Sources */ = {isa = PBXBuildFile; fileRef = DA5EE4BB2091280000B54438 /* DatabaseReference+Location.swift */; };
		DA5EE4BE209149A600B54438 /* UITableView+Utility.swift in Sources */ = {isa = PBXBuildFile; fileRef = DA5EE4BD209149A600B54438 /* UITableView+Utility.swift */; };
		DA5EE4C020918CBE00B54438 /* JournalAdvice.swift in Sources */ = {isa = PBXBuildFile; fileRef = DA5EE4BF20918CBE00B54438 /* JournalAdvice.swift */; };
		DA606B512064969100DD14C0 /* Topic.swift in Sources */ = {isa = PBXBuildFile; fileRef = DA606B502064969100DD14C0 /* Topic.swift */; };
		DA714C17204D8D9C00BCBB3D /* HomeCategoryTableViewCell.swift in Sources */ = {isa = PBXBuildFile; fileRef = DA714C16204D8D9C00BCBB3D /* HomeCategoryTableViewCell.swift */; };
		DA714C1B204E083700BCBB3D /* HomeTipTableViewCell.swift in Sources */ = {isa = PBXBuildFile; fileRef = DA714C1A204E083700BCBB3D /* HomeTipTableViewCell.swift */; };
		DA78986E204F5F69005046D8 /* ViewModelItemType.swift in Sources */ = {isa = PBXBuildFile; fileRef = DA78986D204F5F69005046D8 /* ViewModelItemType.swift */; };
		DA78987620507C86005046D8 /* ProfileTableViewCell.swift in Sources */ = {isa = PBXBuildFile; fileRef = DA78987520507C86005046D8 /* ProfileTableViewCell.swift */; };
		DA7898812051D72A005046D8 /* HomeHeaderCollectionReusableView.swift in Sources */ = {isa = PBXBuildFile; fileRef = DA7898802051D72A005046D8 /* HomeHeaderCollectionReusableView.swift */; };
		DA7898832051E39E005046D8 /* ProfileViewController.swift in Sources */ = {isa = PBXBuildFile; fileRef = DA7898822051E39E005046D8 /* ProfileViewController.swift */; };
		DA7898872051E5E0005046D8 /* ProfileDataModel.swift in Sources */ = {isa = PBXBuildFile; fileRef = DA7898862051E5E0005046D8 /* ProfileDataModel.swift */; };
		DA7898892051E8EC005046D8 /* ProfileDataResults.swift in Sources */ = {isa = PBXBuildFile; fileRef = DA7898882051E8EC005046D8 /* ProfileDataResults.swift */; };
		DA78988D2052EFA1005046D8 /* Home2ViewController.swift in Sources */ = {isa = PBXBuildFile; fileRef = DA78988C2052EFA1005046D8 /* Home2ViewController.swift */; };
		DA78988F2053102E005046D8 /* Home2TableViewCell.swift in Sources */ = {isa = PBXBuildFile; fileRef = DA78988E2053102E005046D8 /* Home2TableViewCell.swift */; };
		DAA1021D2053444000A25EFC /* RoundButton.swift in Sources */ = {isa = PBXBuildFile; fileRef = DAA1021C2053444000A25EFC /* RoundButton.swift */; };
		DAA1021F2053448200A25EFC /* RoundImage.swift in Sources */ = {isa = PBXBuildFile; fileRef = DAA1021E2053448200A25EFC /* RoundImage.swift */; };
		DAA1022120534E0300A25EFC /* HomeMenu.swift in Sources */ = {isa = PBXBuildFile; fileRef = DAA1022020534E0300A25EFC /* HomeMenu.swift */; };
		DAA1022520537A2400A25EFC /* JournalViewController.swift in Sources */ = {isa = PBXBuildFile; fileRef = DAA1022420537A2400A25EFC /* JournalViewController.swift */; };
		DAA1022820537D6600A25EFC /* JournalTableViewCell.swift in Sources */ = {isa = PBXBuildFile; fileRef = DAA1022720537D6600A25EFC /* JournalTableViewCell.swift */; };
		DAA1022B2053804900A25EFC /* UITextView+Expanding.swift in Sources */ = {isa = PBXBuildFile; fileRef = DAA1022A2053804900A25EFC /* UITextView+Expanding.swift */; };
		DAA1022D2053808200A25EFC /* ExpandingCell.swift in Sources */ = {isa = PBXBuildFile; fileRef = DAA1022C2053808200A25EFC /* ExpandingCell.swift */; };
		DAB0506E209AAF1E0066D705 /* ProfileUserData.swift in Sources */ = {isa = PBXBuildFile; fileRef = DAB0506D209AAF1E0066D705 /* ProfileUserData.swift */; };
		DAC8DFF4206C86D2005D627B /* Colors.swift in Sources */ = {isa = PBXBuildFile; fileRef = DAC8DFF3206C86D2005D627B /* Colors.swift */; };
		DAC8DFF6206ED93B005D627B /* TopicData.swift in Sources */ = {isa = PBXBuildFile; fileRef = DAC8DFF5206ED93B005D627B /* TopicData.swift */; };
		DAC8DFF8206EFB13005D627B /* NowData.swift in Sources */ = {isa = PBXBuildFile; fileRef = DAC8DFF7206EFB13005D627B /* NowData.swift */; };
		DAC8DFFA206F55A5005D627B /* SmallRoundButton.swift in Sources */ = {isa = PBXBuildFile; fileRef = DAC8DFF9206F55A5005D627B /* SmallRoundButton.swift */; };
		DAC8DFFC206F5A67005D627B /* UserInforViewController.swift in Sources */ = {isa = PBXBuildFile; fileRef = DAC8DFFB206F5A67005D627B /* UserInforViewController.swift */; };
		DADE6470204E326400BEBF95 /* DetailedTip.swift in Sources */ = {isa = PBXBuildFile; fileRef = DADE646D204E326400BEBF95 /* DetailedTip.swift */; };
		DADE6471204E326400BEBF95 /* TipOld.swift in Sources */ = {isa = PBXBuildFile; fileRef = DADE646E204E326400BEBF95 /* TipOld.swift */; };
		DADE6472204E326400BEBF95 /* Vision.swift in Sources */ = {isa = PBXBuildFile; fileRef = DADE646F204E326400BEBF95 /* Vision.swift */; };
		DAE1EC6620AA801E00EA9B3E /* EditButton.swift in Sources */ = {isa = PBXBuildFile; fileRef = DAE1EC6520AA801E00EA9B3E /* EditButton.swift */; };
		DAF1B32F207AFDFD0090EBF0 /* MainTabBarViewController.swift in Sources */ = {isa = PBXBuildFile; fileRef = DAF1B32E207AFDFD0090EBF0 /* MainTabBarViewController.swift */; };
		DAFAB2CA20731E0800AF6923 /* JournalQuotes.swift in Sources */ = {isa = PBXBuildFile; fileRef = DAFAB2C920731E0800AF6923 /* JournalQuotes.swift */; };
		DAFE6FCF205ED8D5008EF92F /* Day.swift in Sources */ = {isa = PBXBuildFile; fileRef = DAFE6FCE205ED8D5008EF92F /* Day.swift */; };
		F6316E291CF11E78B27FF61E /* Pods_finalProject.framework in Frameworks */ = {isa = PBXBuildFile; fileRef = 9E01CAF586EE06F8F3C5C4CA /* Pods_finalProject.framework */; };
/* End PBXBuildFile section */

/* Begin PBXFileReference section */
		1A2A5CFE278A832A0EADEC92 /* Pods-finalProject.release.xcconfig */ = {isa = PBXFileReference; includeInIndex = 1; lastKnownFileType = text.xcconfig; name = "Pods-finalProject.release.xcconfig"; path = "Pods/Target Support Files/Pods-finalProject/Pods-finalProject.release.xcconfig"; sourceTree = "<group>"; };
		956B2D9151D0333E5BDD4BE9 /* Pods-finalProject.debug.xcconfig */ = {isa = PBXFileReference; includeInIndex = 1; lastKnownFileType = text.xcconfig; name = "Pods-finalProject.debug.xcconfig"; path = "Pods/Target Support Files/Pods-finalProject/Pods-finalProject.debug.xcconfig"; sourceTree = "<group>"; };
		9E01CAF586EE06F8F3C5C4CA /* Pods_finalProject.framework */ = {isa = PBXFileReference; explicitFileType = wrapper.framework; includeInIndex = 0; path = Pods_finalProject.framework; sourceTree = BUILT_PRODUCTS_DIR; };
		DA015BF32073E36300A0342F /* UIViewExtension.swift */ = {isa = PBXFileReference; lastKnownFileType = sourcecode.swift; path = UIViewExtension.swift; sourceTree = "<group>"; };
		DA015BF62073E3FC00A0342F /* GCDBlackBox.swift */ = {isa = PBXFileReference; lastKnownFileType = sourcecode.swift; path = GCDBlackBox.swift; sourceTree = "<group>"; };
		DA13C6412058468700762215 /* CategoryObjects.swift */ = {isa = PBXFileReference; lastKnownFileType = sourcecode.swift; path = CategoryObjects.swift; sourceTree = "<group>"; };
		DA2BBE9A20A532EE00356777 /* ProfileSelectedPerson.swift */ = {isa = PBXFileReference; lastKnownFileType = sourcecode.swift; path = ProfileSelectedPerson.swift; sourceTree = "<group>"; };
		DA359C602043324F000190AD /* finalProject.app */ = {isa = PBXFileReference; explicitFileType = wrapper.application; includeInIndex = 0; path = finalProject.app; sourceTree = BUILT_PRODUCTS_DIR; };
		DA359C632043324F000190AD /* AppDelegate.swift */ = {isa = PBXFileReference; lastKnownFileType = sourcecode.swift; path = AppDelegate.swift; sourceTree = "<group>"; };
		DA359C682043324F000190AD /* Base */ = {isa = PBXFileReference; lastKnownFileType = file.storyboard; name = Base; path = Base.lproj/Main.storyboard; sourceTree = "<group>"; };
		DA359C6A2043324F000190AD /* Assets.xcassets */ = {isa = PBXFileReference; lastKnownFileType = folder.assetcatalog; path = Assets.xcassets; sourceTree = "<group>"; };
		DA359C6D2043324F000190AD /* Base */ = {isa = PBXFileReference; lastKnownFileType = file.storyboard; name = Base; path = Base.lproj/LaunchScreen.storyboard; sourceTree = "<group>"; };
		DA359C6F2043324F000190AD /* Info.plist */ = {isa = PBXFileReference; lastKnownFileType = text.plist.xml; path = Info.plist; sourceTree = "<group>"; };
		DA359C7A204375BF000190AD /* HomeCollectionViewCell.swift */ = {isa = PBXFileReference; lastKnownFileType = sourcecode.swift; path = HomeCollectionViewCell.swift; sourceTree = "<group>"; };
		DA359C7C20489C72000190AD /* Goal.swift */ = {isa = PBXFileReference; lastKnownFileType = sourcecode.swift; path = Goal.swift; sourceTree = "<group>"; };
		DA361D2220818BDF007ACE59 /* Constants.swift */ = {isa = PBXFileReference; lastKnownFileType = sourcecode.swift; path = Constants.swift; sourceTree = "<group>"; };
		DA361D2C20840DD3007ACE59 /* Login.storyboard */ = {isa = PBXFileReference; lastKnownFileType = file.storyboard; path = Login.storyboard; sourceTree = "<group>"; };
		DA361D2E2084273E007ACE59 /* User.swift */ = {isa = PBXFileReference; lastKnownFileType = sourcecode.swift; path = User.swift; sourceTree = "<group>"; };
		DA361D3020844F41007ACE59 /* NewLoginViewController.swift */ = {isa = PBXFileReference; lastKnownFileType = sourcecode.swift; path = NewLoginViewController.swift; sourceTree = "<group>"; };
		DA361D322084566E007ACE59 /* UserService.swift */ = {isa = PBXFileReference; lastKnownFileType = sourcecode.swift; path = UserService.swift; sourceTree = "<group>"; };
		DA361D3420858297007ACE59 /* Storyboard+Utility.swift */ = {isa = PBXFileReference; lastKnownFileType = sourcecode.swift; path = "Storyboard+Utility.swift"; sourceTree = "<group>"; };
		DA361D3620882A7A007ACE59 /* HomeFooterCell.swift */ = {isa = PBXFileReference; lastKnownFileType = sourcecode.swift; path = HomeFooterCell.swift; sourceTree = "<group>"; };
		DA361D3820896E5D007ACE59 /* Date+convertToString.swift */ = {isa = PBXFileReference; lastKnownFileType = sourcecode.swift; path = "Date+convertToString.swift"; sourceTree = "<group>"; };
		DA361D3A208AB32D007ACE59 /* NewRegisterViewController.swift */ = {isa = PBXFileReference; lastKnownFileType = sourcecode.swift; path = NewRegisterViewController.swift; sourceTree = "<group>"; };
		DA361D3C208B8E77007ACE59 /* ThisLoginViewController.swift */ = {isa = PBXFileReference; lastKnownFileType = sourcecode.swift; path = ThisLoginViewController.swift; sourceTree = "<group>"; };
		DA361D3F208BC8B6007ACE59 /* SubscriptionViewController.swift */ = {isa = PBXFileReference; lastKnownFileType = sourcecode.swift; path = SubscriptionViewController.swift; sourceTree = "<group>"; };
		DA3F77C42055BE4800F7361A /* Tip.swift */ = {isa = PBXFileReference; lastKnownFileType = sourcecode.swift; path = Tip.swift; sourceTree = "<group>"; };
		DA59A245209D48AB008018D1 /* List.swift */ = {isa = PBXFileReference; lastKnownFileType = sourcecode.swift; path = List.swift; sourceTree = "<group>"; };
		DA59A247209D48EA008018D1 /* ListType.swift */ = {isa = PBXFileReference; lastKnownFileType = sourcecode.swift; path = ListType.swift; sourceTree = "<group>"; };
		DA59A249209E4845008018D1 /* NewUserList.swift */ = {isa = PBXFileReference; lastKnownFileType = sourcecode.swift; path = NewUserList.swift; sourceTree = "<group>"; };
		DA5AED9E207683120094AA57 /* GoogleService-Info.plist */ = {isa = PBXFileReference; fileEncoding = 4; lastKnownFileType = text.plist.xml; path = "GoogleService-Info.plist"; sourceTree = "<group>"; };
		DA5AEDA220769C5E0094AA57 /* LoginViewController.swift */ = {isa = PBXFileReference; lastKnownFileType = sourcecode.swift; path = LoginViewController.swift; sourceTree = "<group>"; };
		DA5AEDA420769C800094AA57 /* RegisterViewController.swift */ = {isa = PBXFileReference; lastKnownFileType = sourcecode.swift; path = RegisterViewController.swift; sourceTree = "<group>"; };
		DA5AEDA620769D0E0094AA57 /* WelcomeViewController.swift */ = {isa = PBXFileReference; lastKnownFileType = sourcecode.swift; path = WelcomeViewController.swift; sourceTree = "<group>"; };
		DA5AEDAD2077000F0094AA57 /* JournalMessage.swift */ = {isa = PBXFileReference; lastKnownFileType = sourcecode.swift; path = JournalMessage.swift; sourceTree = "<group>"; };
		DA5AEDB320794CF90094AA57 /* ProfileStatement.swift */ = {isa = PBXFileReference; lastKnownFileType = sourcecode.swift; path = ProfileStatement.swift; sourceTree = "<group>"; };
		DA5EE4AA20901E6E00B54438 /* Post.swift */ = {isa = PBXFileReference; lastKnownFileType = sourcecode.swift; path = Post.swift; sourceTree = "<group>"; };
		DA5EE4AC20901FA100B54438 /* PostService.swift */ = {isa = PBXFileReference; lastKnownFileType = sourcecode.swift; path = PostService.swift; sourceTree = "<group>"; };
		DA5EE4AE2090E7F300B54438 /* PostViewController.swift */ = {isa = PBXFileReference; lastKnownFileType = sourcecode.swift; path = PostViewController.swift; sourceTree = "<group>"; };
		DA5EE4B02090EA7C00B54438 /* PostUserTextCell.swift */ = {isa = PBXFileReference; lastKnownFileType = sourcecode.swift; path = PostUserTextCell.swift; sourceTree = "<group>"; };
		DA5EE4B52090EF7300B54438 /* PostHeaderCell.swift */ = {isa = PBXFileReference; lastKnownFileType = sourcecode.swift; path = PostHeaderCell.swift; sourceTree = "<group>"; };
		DA5EE4B72090EFA400B54438 /* PostFooterCell.swift */ = {isa = PBXFileReference; lastKnownFileType = sourcecode.swift; path = PostFooterCell.swift; sourceTree = "<group>"; };
		DA5EE4B92091062F00B54438 /* UserTextService.swift */ = {isa = PBXFileReference; lastKnownFileType = sourcecode.swift; path = UserTextService.swift; sourceTree = "<group>"; };
		DA5EE4BB2091280000B54438 /* DatabaseReference+Location.swift */ = {isa = PBXFileReference; lastKnownFileType = sourcecode.swift; path = "DatabaseReference+Location.swift"; sourceTree = "<group>"; };
		DA5EE4BD209149A600B54438 /* UITableView+Utility.swift */ = {isa = PBXFileReference; lastKnownFileType = sourcecode.swift; path = "UITableView+Utility.swift"; sourceTree = "<group>"; };
		DA5EE4BF20918CBE00B54438 /* JournalAdvice.swift */ = {isa = PBXFileReference; lastKnownFileType = sourcecode.swift; path = JournalAdvice.swift; sourceTree = "<group>"; };
		DA606B502064969100DD14C0 /* Topic.swift */ = {isa = PBXFileReference; lastKnownFileType = sourcecode.swift; path = Topic.swift; sourceTree = "<group>"; };
		DA714C16204D8D9C00BCBB3D /* HomeCategoryTableViewCell.swift */ = {isa = PBXFileReference; lastKnownFileType = sourcecode.swift; path = HomeCategoryTableViewCell.swift; sourceTree = "<group>"; };
		DA714C1A204E083700BCBB3D /* HomeTipTableViewCell.swift */ = {isa = PBXFileReference; lastKnownFileType = sourcecode.swift; path = HomeTipTableViewCell.swift; sourceTree = "<group>"; };
		DA78986D204F5F69005046D8 /* ViewModelItemType.swift */ = {isa = PBXFileReference; lastKnownFileType = sourcecode.swift; path = ViewModelItemType.swift; sourceTree = "<group>"; };
		DA78987520507C86005046D8 /* ProfileTableViewCell.swift */ = {isa = PBXFileReference; lastKnownFileType = sourcecode.swift; path = ProfileTableViewCell.swift; sourceTree = "<group>"; };
		DA7898802051D72A005046D8 /* HomeHeaderCollectionReusableView.swift */ = {isa = PBXFileReference; lastKnownFileType = sourcecode.swift; path = HomeHeaderCollectionReusableView.swift; sourceTree = "<group>"; };
		DA7898822051E39E005046D8 /* ProfileViewController.swift */ = {isa = PBXFileReference; lastKnownFileType = sourcecode.swift; path = ProfileViewController.swift; sourceTree = "<group>"; };
		DA7898862051E5E0005046D8 /* ProfileDataModel.swift */ = {isa = PBXFileReference; lastKnownFileType = sourcecode.swift; path = ProfileDataModel.swift; sourceTree = "<group>"; };
		DA7898882051E8EC005046D8 /* ProfileDataResults.swift */ = {isa = PBXFileReference; lastKnownFileType = sourcecode.swift; path = ProfileDataResults.swift; sourceTree = "<group>"; };
		DA78988C2052EFA1005046D8 /* Home2ViewController.swift */ = {isa = PBXFileReference; lastKnownFileType = sourcecode.swift; path = Home2ViewController.swift; sourceTree = "<group>"; };
		DA78988E2053102E005046D8 /* Home2TableViewCell.swift */ = {isa = PBXFileReference; lastKnownFileType = sourcecode.swift; path = Home2TableViewCell.swift; sourceTree = "<group>"; };
		DAA1021C2053444000A25EFC /* RoundButton.swift */ = {isa = PBXFileReference; lastKnownFileType = sourcecode.swift; path = RoundButton.swift; sourceTree = "<group>"; };
		DAA1021E2053448200A25EFC /* RoundImage.swift */ = {isa = PBXFileReference; lastKnownFileType = sourcecode.swift; path = RoundImage.swift; sourceTree = "<group>"; };
		DAA1022020534E0300A25EFC /* HomeMenu.swift */ = {isa = PBXFileReference; lastKnownFileType = sourcecode.swift; path = HomeMenu.swift; sourceTree = "<group>"; };
		DAA1022420537A2400A25EFC /* JournalViewController.swift */ = {isa = PBXFileReference; lastKnownFileType = sourcecode.swift; path = JournalViewController.swift; sourceTree = "<group>"; };
		DAA1022720537D6600A25EFC /* JournalTableViewCell.swift */ = {isa = PBXFileReference; lastKnownFileType = sourcecode.swift; path = JournalTableViewCell.swift; sourceTree = "<group>"; };
		DAA1022A2053804900A25EFC /* UITextView+Expanding.swift */ = {isa = PBXFileReference; lastKnownFileType = sourcecode.swift; path = "UITextView+Expanding.swift"; sourceTree = "<group>"; };
		DAA1022C2053808200A25EFC /* ExpandingCell.swift */ = {isa = PBXFileReference; lastKnownFileType = sourcecode.swift; path = ExpandingCell.swift; sourceTree = "<group>"; };
		DAB0506D209AAF1E0066D705 /* ProfileUserData.swift */ = {isa = PBXFileReference; lastKnownFileType = sourcecode.swift; path = ProfileUserData.swift; sourceTree = "<group>"; };
		DAC8DFF3206C86D2005D627B /* Colors.swift */ = {isa = PBXFileReference; lastKnownFileType = sourcecode.swift; path = Colors.swift; sourceTree = "<group>"; };
		DAC8DFF5206ED93B005D627B /* TopicData.swift */ = {isa = PBXFileReference; lastKnownFileType = sourcecode.swift; path = TopicData.swift; sourceTree = "<group>"; };
		DAC8DFF7206EFB13005D627B /* NowData.swift */ = {isa = PBXFileReference; lastKnownFileType = sourcecode.swift; path = NowData.swift; sourceTree = "<group>"; };
		DAC8DFF9206F55A5005D627B /* SmallRoundButton.swift */ = {isa = PBXFileReference; lastKnownFileType = sourcecode.swift; path = SmallRoundButton.swift; sourceTree = "<group>"; };
		DAC8DFFB206F5A67005D627B /* UserInforViewController.swift */ = {isa = PBXFileReference; lastKnownFileType = sourcecode.swift; path = UserInforViewController.swift; sourceTree = "<group>"; };
		DADE646D204E326400BEBF95 /* DetailedTip.swift */ = {isa = PBXFileReference; fileEncoding = 4; lastKnownFileType = sourcecode.swift; path = DetailedTip.swift; sourceTree = "<group>"; };
		DADE646E204E326400BEBF95 /* TipOld.swift */ = {isa = PBXFileReference; fileEncoding = 4; lastKnownFileType = sourcecode.swift; path = TipOld.swift; sourceTree = "<group>"; };
		DADE646F204E326400BEBF95 /* Vision.swift */ = {isa = PBXFileReference; fileEncoding = 4; lastKnownFileType = sourcecode.swift; path = Vision.swift; sourceTree = "<group>"; };
		DAE1EC6520AA801E00EA9B3E /* EditButton.swift */ = {isa = PBXFileReference; lastKnownFileType = sourcecode.swift; path = EditButton.swift; sourceTree = "<group>"; };
		DAF1B32E207AFDFD0090EBF0 /* MainTabBarViewController.swift */ = {isa = PBXFileReference; lastKnownFileType = sourcecode.swift; path = MainTabBarViewController.swift; sourceTree = "<group>"; };
		DAFAB2C920731E0800AF6923 /* JournalQuotes.swift */ = {isa = PBXFileReference; lastKnownFileType = sourcecode.swift; path = JournalQuotes.swift; sourceTree = "<group>"; };
		DAFE6FCE205ED8D5008EF92F /* Day.swift */ = {isa = PBXFileReference; lastKnownFileType = sourcecode.swift; path = Day.swift; sourceTree = "<group>"; };
/* End PBXFileReference section */

/* Begin PBXFrameworksBuildPhase section */
		DA359C5D2043324F000190AD /* Frameworks */ = {
			isa = PBXFrameworksBuildPhase;
			buildActionMask = 2147483647;
			files = (
				F6316E291CF11E78B27FF61E /* Pods_finalProject.framework in Frameworks */,
			);
			runOnlyForDeploymentPostprocessing = 0;
		};
/* End PBXFrameworksBuildPhase section */

/* Begin PBXGroup section */
		001472698D74038657FCB94B /* Frameworks */ = {
			isa = PBXGroup;
			children = (
				9E01CAF586EE06F8F3C5C4CA /* Pods_finalProject.framework */,
			);
			name = Frameworks;
			sourceTree = "<group>";
		};
		19C9C86B8AE744E306A11FAA /* Pods */ = {
			isa = PBXGroup;
			children = (
				956B2D9151D0333E5BDD4BE9 /* Pods-finalProject.debug.xcconfig */,
				1A2A5CFE278A832A0EADEC92 /* Pods-finalProject.release.xcconfig */,
			);
			name = Pods;
			sourceTree = "<group>";
		};
		DA015BF52073E3D500A0342F /* Helpers */ = {
			isa = PBXGroup;
			children = (
				DA361D2220818BDF007ACE59 /* Constants.swift */,
				DA015BF62073E3FC00A0342F /* GCDBlackBox.swift */,
			);
			path = Helpers;
			sourceTree = "<group>";
		};
		DA359C572043324F000190AD = {
			isa = PBXGroup;
			children = (
				DA359C622043324F000190AD /* finalProject */,
				DA359C612043324F000190AD /* Products */,
				19C9C86B8AE744E306A11FAA /* Pods */,
				001472698D74038657FCB94B /* Frameworks */,
			);
			sourceTree = "<group>";
		};
		DA359C612043324F000190AD /* Products */ = {
			isa = PBXGroup;
			children = (
				DA359C602043324F000190AD /* finalProject.app */,
			);
			name = Products;
			sourceTree = "<group>";
		};
		DA359C622043324F000190AD /* finalProject */ = {
			isa = PBXGroup;
			children = (
				DA359C632043324F000190AD /* AppDelegate.swift */,
				DA361D3020844F41007ACE59 /* NewLoginViewController.swift */,
				DA361D2B20840A25007ACE59 /* Storyboards */,
				DA361D2A208409A8007ACE59 /* Services */,
				DAA102292053801D00A25EFC /* Extensions */,
				DA359C792043722A000190AD /* Controller */,
				DA359C7820437225000190AD /* View */,
				DA359C772043721F000190AD /* Model */,
				DA015BF52073E3D500A0342F /* Helpers */,
				DA5AEDA02076831D0094AA57 /* Supporting Files */,
				DA359C6A2043324F000190AD /* Assets.xcassets */,
			);
			path = finalProject;
			sourceTree = "<group>";
		};
		DA359C772043721F000190AD /* Model */ = {
			isa = PBXGroup;
			children = (
				DAC8DFF5206ED93B005D627B /* TopicData.swift */,
				DAC8DFF7206EFB13005D627B /* NowData.swift */,
				DA606B502064969100DD14C0 /* Topic.swift */,
				DA3F77C42055BE4800F7361A /* Tip.swift */,
				DA361D2E2084273E007ACE59 /* User.swift */,
				DA5EE4AA20901E6E00B54438 /* Post.swift */,
				DA7898862051E5E0005046D8 /* ProfileDataModel.swift */,
				DA2BBE9A20A532EE00356777 /* ProfileSelectedPerson.swift */,
				DA5AEDB120791D240094AA57 /* OLD Models */,
				DA7898882051E8EC005046D8 /* ProfileDataResults.swift */,
				DA5AEDB320794CF90094AA57 /* ProfileStatement.swift */,
				DAB0506D209AAF1E0066D705 /* ProfileUserData.swift */,
				DA59A245209D48AB008018D1 /* List.swift */,
				DA59A247209D48EA008018D1 /* ListType.swift */,
			);
			path = Model;
			sourceTree = "<group>";
		};
		DA359C7820437225000190AD /* View */ = {
			isa = PBXGroup;
			children = (
				DA5EE4B22090ECD500B54438 /* Post */,
				DAA1022620537D5200A25EFC /* Journal */,
				DA78987D2050DBB6005046D8 /* Home */,
				DA78987E2050DBBC005046D8 /* Profile */,
				DAE1EC6520AA801E00EA9B3E /* EditButton.swift */,
				DA78986D204F5F69005046D8 /* ViewModelItemType.swift */,
				DAA1021C2053444000A25EFC /* RoundButton.swift */,
				DAC8DFF9206F55A5005D627B /* SmallRoundButton.swift */,
				DAA1021E2053448200A25EFC /* RoundImage.swift */,
				DAA1022C2053808200A25EFC /* ExpandingCell.swift */,
				DA015BF32073E36300A0342F /* UIViewExtension.swift */,
				DAC8DFF3206C86D2005D627B /* Colors.swift */,
			);
			path = View;
			sourceTree = "<group>";
		};
		DA359C792043722A000190AD /* Controller */ = {
			isa = PBXGroup;
			children = (
				DA5EE4AE2090E7F300B54438 /* PostViewController.swift */,
				DAF1B32E207AFDFD0090EBF0 /* MainTabBarViewController.swift */,
				DA78988C2052EFA1005046D8 /* Home2ViewController.swift */,
				DA7898822051E39E005046D8 /* ProfileViewController.swift */,
				DA59A249209E4845008018D1 /* NewUserList.swift */,
				DA78987520507C86005046D8 /* ProfileTableViewCell.swift */,
				DA5AEDA120769C190094AA57 /* Login */,
				DA5AEDAC2076FFDD0094AA57 /* Journal */,
			);
			path = Controller;
			sourceTree = "<group>";
		};
		DA361D2A208409A8007ACE59 /* Services */ = {
			isa = PBXGroup;
			children = (
				DA361D322084566E007ACE59 /* UserService.swift */,
				DA5EE4AC20901FA100B54438 /* PostService.swift */,
				DA5EE4B92091062F00B54438 /* UserTextService.swift */,
				DA5EE4BB2091280000B54438 /* DatabaseReference+Location.swift */,
			);
			path = Services;
			sourceTree = "<group>";
		};
		DA361D2B20840A25007ACE59 /* Storyboards */ = {
			isa = PBXGroup;
			children = (
				DA359C6C2043324F000190AD /* LaunchScreen.storyboard */,
				DA361D2C20840DD3007ACE59 /* Login.storyboard */,
				DA359C672043324F000190AD /* Main.storyboard */,
			);
			path = Storyboards;
			sourceTree = "<group>";
		};
		DA5AEDA02076831D0094AA57 /* Supporting Files */ = {
			isa = PBXGroup;
			children = (
				DA359C6F2043324F000190AD /* Info.plist */,
				DA5AED9E207683120094AA57 /* GoogleService-Info.plist */,
			);
			path = "Supporting Files";
			sourceTree = "<group>";
		};
		DA5AEDA120769C190094AA57 /* Login */ = {
			isa = PBXGroup;
			children = (
				DA5AEDA620769D0E0094AA57 /* WelcomeViewController.swift */,
				DA5AEDA420769C800094AA57 /* RegisterViewController.swift */,
				DA78987F2051CEF1005046D8 /* OLD */,
			);
			path = Login;
			sourceTree = "<group>";
		};
		DA5AEDAC2076FFDD0094AA57 /* Journal */ = {
			isa = PBXGroup;
			children = (
				DAA1022420537A2400A25EFC /* JournalViewController.swift */,
				DA5EE4BF20918CBE00B54438 /* JournalAdvice.swift */,
				DA5AEDAD2077000F0094AA57 /* JournalMessage.swift */,
			);
			path = Journal;
			sourceTree = "<group>";
		};
		DA5AEDB120791D240094AA57 /* OLD Models */ = {
			isa = PBXGroup;
			children = (
				DADE646F204E326400BEBF95 /* Vision.swift */,
				DA359C7C20489C72000190AD /* Goal.swift */,
				DADE646D204E326400BEBF95 /* DetailedTip.swift */,
				DADE646E204E326400BEBF95 /* TipOld.swift */,
				DAA1022020534E0300A25EFC /* HomeMenu.swift */,
				DA13C6412058468700762215 /* CategoryObjects.swift */,
				DAFE6FCE205ED8D5008EF92F /* Day.swift */,
				DAFAB2C920731E0800AF6923 /* JournalQuotes.swift */,
			);
			path = "OLD Models";
			sourceTree = "<group>";
		};
		DA5AEDB2207938DB0094AA57 /* Old Profile Cells */ = {
			isa = PBXGroup;
			children = (
			);
			path = "Old Profile Cells";
			sourceTree = "<group>";
		};
		DA5EE4B22090ECD500B54438 /* Post */ = {
			isa = PBXGroup;
			children = (
				DA5EE4B52090EF7300B54438 /* PostHeaderCell.swift */,
				DA5EE4B02090EA7C00B54438 /* PostUserTextCell.swift */,
				DA5EE4B72090EFA400B54438 /* PostFooterCell.swift */,
			);
			path = Post;
			sourceTree = "<group>";
		};
		DA78987D2050DBB6005046D8 /* Home */ = {
			isa = PBXGroup;
			children = (
				DA361D3620882A7A007ACE59 /* HomeFooterCell.swift */,
				DA78988E2053102E005046D8 /* Home2TableViewCell.swift */,
				DA714C16204D8D9C00BCBB3D /* HomeCategoryTableViewCell.swift */,
				DA359C7A204375BF000190AD /* HomeCollectionViewCell.swift */,
				DA714C1A204E083700BCBB3D /* HomeTipTableViewCell.swift */,
				DA7898802051D72A005046D8 /* HomeHeaderCollectionReusableView.swift */,
			);
			path = Home;
			sourceTree = "<group>";
		};
		DA78987E2050DBBC005046D8 /* Profile */ = {
			isa = PBXGroup;
			children = (
				DA5AEDB2207938DB0094AA57 /* Old Profile Cells */,
			);
			path = Profile;
			sourceTree = "<group>";
		};
		DA78987F2051CEF1005046D8 /* OLD */ = {
			isa = PBXGroup;
			children = (
				DA361D3F208BC8B6007ACE59 /* SubscriptionViewController.swift */,
				DAC8DFFB206F5A67005D627B /* UserInforViewController.swift */,
				DA361D3A208AB32D007ACE59 /* NewRegisterViewController.swift */,
				DA5AEDA220769C5E0094AA57 /* LoginViewController.swift */,
				DA361D3C208B8E77007ACE59 /* ThisLoginViewController.swift */,
			);
			path = OLD;
			sourceTree = "<group>";
		};
		DAA1022620537D5200A25EFC /* Journal */ = {
			isa = PBXGroup;
			children = (
				DAA1022720537D6600A25EFC /* JournalTableViewCell.swift */,
			);
			path = Journal;
			sourceTree = "<group>";
		};
		DAA102292053801D00A25EFC /* Extensions */ = {
			isa = PBXGroup;
			children = (
				DAA1022A2053804900A25EFC /* UITextView+Expanding.swift */,
				DA361D3420858297007ACE59 /* Storyboard+Utility.swift */,
				DA361D3820896E5D007ACE59 /* Date+convertToString.swift */,
				DA5EE4BD209149A600B54438 /* UITableView+Utility.swift */,
			);
			path = Extensions;
			sourceTree = "<group>";
		};
/* End PBXGroup section */

/* Begin PBXNativeTarget section */
		DA359C5F2043324F000190AD /* finalProject */ = {
			isa = PBXNativeTarget;
			buildConfigurationList = DA359C722043324F000190AD /* Build configuration list for PBXNativeTarget "finalProject" */;
			buildPhases = (
				EC98AF85517B608398D2024C /* [CP] Check Pods Manifest.lock */,
				DA359C5C2043324F000190AD /* Sources */,
				DA359C5D2043324F000190AD /* Frameworks */,
				DA359C5E2043324F000190AD /* Resources */,
				CC8FE901D5BCD230DB27D3F5 /* [CP] Embed Pods Frameworks */,
				34F032658A5ED61E7524B085 /* [CP] Copy Pods Resources */,
			);
			buildRules = (
			);
			dependencies = (
			);
			name = finalProject;
			productName = finalProject;
			productReference = DA359C602043324F000190AD /* finalProject.app */;
			productType = "com.apple.product-type.application";
		};
/* End PBXNativeTarget section */

/* Begin PBXProject section */
		DA359C582043324F000190AD /* Project object */ = {
			isa = PBXProject;
			attributes = {
				LastSwiftUpdateCheck = 0920;
				LastUpgradeCheck = 0920;
				ORGANIZATIONNAME = "Andrew Jenson";
				TargetAttributes = {
					DA359C5F2043324F000190AD = {
						CreatedOnToolsVersion = 9.2;
						ProvisioningStyle = Automatic;
					};
				};
			};
			buildConfigurationList = DA359C5B2043324F000190AD /* Build configuration list for PBXProject "finalProject" */;
			compatibilityVersion = "Xcode 8.0";
			developmentRegion = en;
			hasScannedForEncodings = 0;
			knownRegions = (
				en,
				Base,
			);
			mainGroup = DA359C572043324F000190AD;
			productRefGroup = DA359C612043324F000190AD /* Products */;
			projectDirPath = "";
			projectRoot = "";
			targets = (
				DA359C5F2043324F000190AD /* finalProject */,
			);
		};
/* End PBXProject section */

/* Begin PBXResourcesBuildPhase section */
		DA359C5E2043324F000190AD /* Resources */ = {
			isa = PBXResourcesBuildPhase;
			buildActionMask = 2147483647;
			files = (
				DA359C6E2043324F000190AD /* LaunchScreen.storyboard in Resources */,
				DA5AED9F207683120094AA57 /* GoogleService-Info.plist in Resources */,
				DA359C6B2043324F000190AD /* Assets.xcassets in Resources */,
				DA361D2D20840DD3007ACE59 /* Login.storyboard in Resources */,
				DA359C692043324F000190AD /* Main.storyboard in Resources */,
			);
			runOnlyForDeploymentPostprocessing = 0;
		};
/* End PBXResourcesBuildPhase section */

/* Begin PBXShellScriptBuildPhase section */
		34F032658A5ED61E7524B085 /* [CP] Copy Pods Resources */ = {
			isa = PBXShellScriptBuildPhase;
			buildActionMask = 2147483647;
			files = (
			);
			inputPaths = (
				"${SRCROOT}/Pods/Target Support Files/Pods-finalProject/Pods-finalProject-resources.sh",
				"${PODS_CONFIGURATION_BUILD_DIR}/FirebaseUI/FirebaseAuthUI.bundle",
				"${PODS_CONFIGURATION_BUILD_DIR}/FirebaseUI/FirebaseGoogleAuthUI.bundle",
				"${PODS_ROOT}/GoogleSignIn/Resources/GoogleSignIn.bundle",
			);
			name = "[CP] Copy Pods Resources";
			outputPaths = (
				"${TARGET_BUILD_DIR}/${UNLOCALIZED_RESOURCES_FOLDER_PATH}/FirebaseAuthUI.bundle",
				"${TARGET_BUILD_DIR}/${UNLOCALIZED_RESOURCES_FOLDER_PATH}/FirebaseGoogleAuthUI.bundle",
				"${TARGET_BUILD_DIR}/${UNLOCALIZED_RESOURCES_FOLDER_PATH}/GoogleSignIn.bundle",
			);
			runOnlyForDeploymentPostprocessing = 0;
			shellPath = /bin/sh;
			shellScript = "\"${SRCROOT}/Pods/Target Support Files/Pods-finalProject/Pods-finalProject-resources.sh\"\n";
			showEnvVarsInLog = 0;
		};
		CC8FE901D5BCD230DB27D3F5 /* [CP] Embed Pods Frameworks */ = {
			isa = PBXShellScriptBuildPhase;
			buildActionMask = 2147483647;
			files = (
			);
			inputPaths = (
				"${SRCROOT}/Pods/Target Support Files/Pods-finalProject/Pods-finalProject-frameworks.sh",
				"${BUILT_PRODUCTS_DIR}/ChameleonFramework/ChameleonFramework.framework",
				"${BUILT_PRODUCTS_DIR}/GTMOAuth2/GTMOAuth2.framework",
				"${BUILT_PRODUCTS_DIR}/GTMSessionFetcher/GTMSessionFetcher.framework",
				"${BUILT_PRODUCTS_DIR}/GoogleToolboxForMac/GoogleToolboxForMac.framework",
				"${BUILT_PRODUCTS_DIR}/GrowingTextView/GrowingTextView.framework",
				"${BUILT_PRODUCTS_DIR}/Realm/Realm.framework",
				"${BUILT_PRODUCTS_DIR}/RealmSwift/RealmSwift.framework",
				"${BUILT_PRODUCTS_DIR}/SVProgressHUD/SVProgressHUD.framework",
				"${BUILT_PRODUCTS_DIR}/leveldb-library/leveldb.framework",
				"${BUILT_PRODUCTS_DIR}/nanopb/nanopb.framework",
			);
			name = "[CP] Embed Pods Frameworks";
			outputPaths = (
				"${TARGET_BUILD_DIR}/${FRAMEWORKS_FOLDER_PATH}/ChameleonFramework.framework",
				"${TARGET_BUILD_DIR}/${FRAMEWORKS_FOLDER_PATH}/GTMOAuth2.framework",
				"${TARGET_BUILD_DIR}/${FRAMEWORKS_FOLDER_PATH}/GTMSessionFetcher.framework",
				"${TARGET_BUILD_DIR}/${FRAMEWORKS_FOLDER_PATH}/GoogleToolboxForMac.framework",
				"${TARGET_BUILD_DIR}/${FRAMEWORKS_FOLDER_PATH}/GrowingTextView.framework",
				"${TARGET_BUILD_DIR}/${FRAMEWORKS_FOLDER_PATH}/Realm.framework",
				"${TARGET_BUILD_DIR}/${FRAMEWORKS_FOLDER_PATH}/RealmSwift.framework",
				"${TARGET_BUILD_DIR}/${FRAMEWORKS_FOLDER_PATH}/SVProgressHUD.framework",
				"${TARGET_BUILD_DIR}/${FRAMEWORKS_FOLDER_PATH}/leveldb.framework",
				"${TARGET_BUILD_DIR}/${FRAMEWORKS_FOLDER_PATH}/nanopb.framework",
			);
			runOnlyForDeploymentPostprocessing = 0;
			shellPath = /bin/sh;
			shellScript = "\"${SRCROOT}/Pods/Target Support Files/Pods-finalProject/Pods-finalProject-frameworks.sh\"\n";
			showEnvVarsInLog = 0;
		};
		EC98AF85517B608398D2024C /* [CP] Check Pods Manifest.lock */ = {
			isa = PBXShellScriptBuildPhase;
			buildActionMask = 2147483647;
			files = (
			);
			inputPaths = (
				"${PODS_PODFILE_DIR_PATH}/Podfile.lock",
				"${PODS_ROOT}/Manifest.lock",
			);
			name = "[CP] Check Pods Manifest.lock";
			outputPaths = (
				"$(DERIVED_FILE_DIR)/Pods-finalProject-checkManifestLockResult.txt",
			);
			runOnlyForDeploymentPostprocessing = 0;
			shellPath = /bin/sh;
			shellScript = "diff \"${PODS_PODFILE_DIR_PATH}/Podfile.lock\" \"${PODS_ROOT}/Manifest.lock\" > /dev/null\nif [ $? != 0 ] ; then\n    # print error to STDERR\n    echo \"error: The sandbox is not in sync with the Podfile.lock. Run 'pod install' or update your CocoaPods installation.\" >&2\n    exit 1\nfi\n# This output is used by Xcode 'outputs' to avoid re-running this script phase.\necho \"SUCCESS\" > \"${SCRIPT_OUTPUT_FILE_0}\"\n";
			showEnvVarsInLog = 0;
		};
/* End PBXShellScriptBuildPhase section */

/* Begin PBXSourcesBuildPhase section */
		DA359C5C2043324F000190AD /* Sources */ = {
			isa = PBXSourcesBuildPhase;
			buildActionMask = 2147483647;
			files = (
				DAFAB2CA20731E0800AF6923 /* JournalQuotes.swift in Sources */,
				DA361D3920896E5D007ACE59 /* Date+convertToString.swift in Sources */,
				DAA1022D2053808200A25EFC /* ExpandingCell.swift in Sources */,
				DA015BF42073E36300A0342F /* UIViewExtension.swift in Sources */,
				DAC8DFFC206F5A67005D627B /* UserInforViewController.swift in Sources */,
				DAA1021D2053444000A25EFC /* RoundButton.swift in Sources */,
				DA714C17204D8D9C00BCBB3D /* HomeCategoryTableViewCell.swift in Sources */,
				DA5AEDAE2077000F0094AA57 /* JournalMessage.swift in Sources */,
				DA606B512064969100DD14C0 /* Topic.swift in Sources */,
				DA361D3120844F41007ACE59 /* NewLoginViewController.swift in Sources */,
				DA5EE4B62090EF7300B54438 /* PostHeaderCell.swift in Sources */,
				DA78988F2053102E005046D8 /* Home2TableViewCell.swift in Sources */,
				DAE1EC6620AA801E00EA9B3E /* EditButton.swift in Sources */,
				DA359C7D20489C72000190AD /* Goal.swift in Sources */,
				DA361D40208BC8B6007ACE59 /* SubscriptionViewController.swift in Sources */,
				DAC8DFF8206EFB13005D627B /* NowData.swift in Sources */,
				DA78986E204F5F69005046D8 /* ViewModelItemType.swift in Sources */,
				DAC8DFF6206ED93B005D627B /* TopicData.swift in Sources */,
				DA361D3520858297007ACE59 /* Storyboard+Utility.swift in Sources */,
				DA78987620507C86005046D8 /* ProfileTableViewCell.swift in Sources */,
				DAFE6FCF205ED8D5008EF92F /* Day.swift in Sources */,
				DAA1022520537A2400A25EFC /* JournalViewController.swift in Sources */,
				DA5EE4BA2091062F00B54438 /* UserTextService.swift in Sources */,
				DA59A24A209E4845008018D1 /* NewUserList.swift in Sources */,
				DA3F77C52055BE4800F7361A /* Tip.swift in Sources */,
				DAC8DFFA206F55A5005D627B /* SmallRoundButton.swift in Sources */,
				DA359C642043324F000190AD /* AppDelegate.swift in Sources */,
				DA7898892051E8EC005046D8 /* ProfileDataResults.swift in Sources */,
				DA361D3720882A7A007ACE59 /* HomeFooterCell.swift in Sources */,
				DA5EE4AB20901E6E00B54438 /* Post.swift in Sources */,
				DA5EE4B12090EA7C00B54438 /* PostUserTextCell.swift in Sources */,
				DA7898872051E5E0005046D8 /* ProfileDataModel.swift in Sources */,
				DAB0506E209AAF1E0066D705 /* ProfileUserData.swift in Sources */,
				DA5EE4BE209149A600B54438 /* UITableView+Utility.swift in Sources */,
				DA5AEDA320769C5E0094AA57 /* LoginViewController.swift in Sources */,
				DA361D2F2084273E007ACE59 /* User.swift in Sources */,
				DA361D2320818BDF007ACE59 /* Constants.swift in Sources */,
				DA714C1B204E083700BCBB3D /* HomeTipTableViewCell.swift in Sources */,
				DAF1B32F207AFDFD0090EBF0 /* MainTabBarViewController.swift in Sources */,
				DADE6471204E326400BEBF95 /* TipOld.swift in Sources */,
				DA5AEDB420794CF90094AA57 /* ProfileStatement.swift in Sources */,
				DA59A248209D48EA008018D1 /* ListType.swift in Sources */,
				DA361D332084566E007ACE59 /* UserService.swift in Sources */,
				DA5AEDA520769C800094AA57 /* RegisterViewController.swift in Sources */,
				DA361D3D208B8E77007ACE59 /* ThisLoginViewController.swift in Sources */,
				DAA1022820537D6600A25EFC /* JournalTableViewCell.swift in Sources */,
				DA13C6422058468700762215 /* CategoryObjects.swift in Sources */,
				DA59A246209D48AB008018D1 /* List.swift in Sources */,
				DA7898812051D72A005046D8 /* HomeHeaderCollectionReusableView.swift in Sources */,
				DA5AEDA720769D0E0094AA57 /* WelcomeViewController.swift in Sources */,
				DADE6470204E326400BEBF95 /* DetailedTip.swift in Sources */,
				DA5EE4AD20901FA100B54438 /* PostService.swift in Sources */,
				DA359C7B204375BF000190AD /* HomeCollectionViewCell.swift in Sources */,
				DA015BF72073E3FC00A0342F /* GCDBlackBox.swift in Sources */,
				DA78988D2052EFA1005046D8 /* Home2ViewController.swift in Sources */,
				DADE6472204E326400BEBF95 /* Vision.swift in Sources */,
				DAC8DFF4206C86D2005D627B /* Colors.swift in Sources */,
				DAA1022120534E0300A25EFC /* HomeMenu.swift in Sources */,
				DA361D3B208AB32D007ACE59 /* NewRegisterViewController.swift in Sources */,
				DA5EE4C020918CBE00B54438 /* JournalAdvice.swift in Sources */,
				DA5EE4BC2091280000B54438 /* DatabaseReference+Location.swift in Sources */,
				DA7898832051E39E005046D8 /* ProfileViewController.swift in Sources */,
				DAA1021F2053448200A25EFC /* RoundImage.swift in Sources */,
				DAA1022B2053804900A25EFC /* UITextView+Expanding.swift in Sources */,
				DA5EE4B82090EFA400B54438 /* PostFooterCell.swift in Sources */,
				DA5EE4AF2090E7F300B54438 /* PostViewController.swift in Sources */,
				DA2BBE9B20A532EE00356777 /* ProfileSelectedPerson.swift in Sources */,
			);
			runOnlyForDeploymentPostprocessing = 0;
		};
/* End PBXSourcesBuildPhase section */

/* Begin PBXVariantGroup section */
		DA359C672043324F000190AD /* Main.storyboard */ = {
			isa = PBXVariantGroup;
			children = (
				DA359C682043324F000190AD /* Base */,
			);
			name = Main.storyboard;
			sourceTree = "<group>";
		};
		DA359C6C2043324F000190AD /* LaunchScreen.storyboard */ = {
			isa = PBXVariantGroup;
			children = (
				DA359C6D2043324F000190AD /* Base */,
			);
			name = LaunchScreen.storyboard;
			sourceTree = "<group>";
		};
/* End PBXVariantGroup section */

/* Begin XCBuildConfiguration section */
		DA359C702043324F000190AD /* Debug */ = {
			isa = XCBuildConfiguration;
			buildSettings = {
				ALWAYS_SEARCH_USER_PATHS = NO;
				CLANG_ANALYZER_NONNULL = YES;
				CLANG_ANALYZER_NUMBER_OBJECT_CONVERSION = YES_AGGRESSIVE;
				CLANG_CXX_LANGUAGE_STANDARD = "gnu++14";
				CLANG_CXX_LIBRARY = "libc++";
				CLANG_ENABLE_MODULES = YES;
				CLANG_ENABLE_OBJC_ARC = YES;
				CLANG_WARN_BLOCK_CAPTURE_AUTORELEASING = YES;
				CLANG_WARN_BOOL_CONVERSION = YES;
				CLANG_WARN_COMMA = YES;
				CLANG_WARN_CONSTANT_CONVERSION = YES;
				CLANG_WARN_DIRECT_OBJC_ISA_USAGE = YES_ERROR;
				CLANG_WARN_DOCUMENTATION_COMMENTS = YES;
				CLANG_WARN_EMPTY_BODY = YES;
				CLANG_WARN_ENUM_CONVERSION = YES;
				CLANG_WARN_INFINITE_RECURSION = YES;
				CLANG_WARN_INT_CONVERSION = YES;
				CLANG_WARN_NON_LITERAL_NULL_CONVERSION = YES;
				CLANG_WARN_OBJC_LITERAL_CONVERSION = YES;
				CLANG_WARN_OBJC_ROOT_CLASS = YES_ERROR;
				CLANG_WARN_RANGE_LOOP_ANALYSIS = YES;
				CLANG_WARN_STRICT_PROTOTYPES = YES;
				CLANG_WARN_SUSPICIOUS_MOVE = YES;
				CLANG_WARN_UNGUARDED_AVAILABILITY = YES_AGGRESSIVE;
				CLANG_WARN_UNREACHABLE_CODE = YES;
				CLANG_WARN__DUPLICATE_METHOD_MATCH = YES;
				CODE_SIGN_IDENTITY = "iPhone Developer";
				COPY_PHASE_STRIP = NO;
				DEBUG_INFORMATION_FORMAT = dwarf;
				ENABLE_STRICT_OBJC_MSGSEND = YES;
				ENABLE_TESTABILITY = YES;
				GCC_C_LANGUAGE_STANDARD = gnu11;
				GCC_DYNAMIC_NO_PIC = NO;
				GCC_NO_COMMON_BLOCKS = YES;
				GCC_OPTIMIZATION_LEVEL = 0;
				GCC_PREPROCESSOR_DEFINITIONS = (
					"DEBUG=1",
					"$(inherited)",
				);
				GCC_WARN_64_TO_32_BIT_CONVERSION = YES;
				GCC_WARN_ABOUT_RETURN_TYPE = YES_ERROR;
				GCC_WARN_UNDECLARED_SELECTOR = YES;
				GCC_WARN_UNINITIALIZED_AUTOS = YES_AGGRESSIVE;
				GCC_WARN_UNUSED_FUNCTION = YES;
				GCC_WARN_UNUSED_VARIABLE = YES;
				IPHONEOS_DEPLOYMENT_TARGET = 11.2;
				MTL_ENABLE_DEBUG_INFO = YES;
				ONLY_ACTIVE_ARCH = YES;
				SDKROOT = iphoneos;
				SWIFT_ACTIVE_COMPILATION_CONDITIONS = DEBUG;
				SWIFT_OPTIMIZATION_LEVEL = "-Onone";
			};
			name = Debug;
		};
		DA359C712043324F000190AD /* Release */ = {
			isa = XCBuildConfiguration;
			buildSettings = {
				ALWAYS_SEARCH_USER_PATHS = NO;
				CLANG_ANALYZER_NONNULL = YES;
				CLANG_ANALYZER_NUMBER_OBJECT_CONVERSION = YES_AGGRESSIVE;
				CLANG_CXX_LANGUAGE_STANDARD = "gnu++14";
				CLANG_CXX_LIBRARY = "libc++";
				CLANG_ENABLE_MODULES = YES;
				CLANG_ENABLE_OBJC_ARC = YES;
				CLANG_WARN_BLOCK_CAPTURE_AUTORELEASING = YES;
				CLANG_WARN_BOOL_CONVERSION = YES;
				CLANG_WARN_COMMA = YES;
				CLANG_WARN_CONSTANT_CONVERSION = YES;
				CLANG_WARN_DIRECT_OBJC_ISA_USAGE = YES_ERROR;
				CLANG_WARN_DOCUMENTATION_COMMENTS = YES;
				CLANG_WARN_EMPTY_BODY = YES;
				CLANG_WARN_ENUM_CONVERSION = YES;
				CLANG_WARN_INFINITE_RECURSION = YES;
				CLANG_WARN_INT_CONVERSION = YES;
				CLANG_WARN_NON_LITERAL_NULL_CONVERSION = YES;
				CLANG_WARN_OBJC_LITERAL_CONVERSION = YES;
				CLANG_WARN_OBJC_ROOT_CLASS = YES_ERROR;
				CLANG_WARN_RANGE_LOOP_ANALYSIS = YES;
				CLANG_WARN_STRICT_PROTOTYPES = YES;
				CLANG_WARN_SUSPICIOUS_MOVE = YES;
				CLANG_WARN_UNGUARDED_AVAILABILITY = YES_AGGRESSIVE;
				CLANG_WARN_UNREACHABLE_CODE = YES;
				CLANG_WARN__DUPLICATE_METHOD_MATCH = YES;
				CODE_SIGN_IDENTITY = "iPhone Developer";
				COPY_PHASE_STRIP = NO;
				DEBUG_INFORMATION_FORMAT = "dwarf-with-dsym";
				ENABLE_NS_ASSERTIONS = NO;
				ENABLE_STRICT_OBJC_MSGSEND = YES;
				GCC_C_LANGUAGE_STANDARD = gnu11;
				GCC_NO_COMMON_BLOCKS = YES;
				GCC_WARN_64_TO_32_BIT_CONVERSION = YES;
				GCC_WARN_ABOUT_RETURN_TYPE = YES_ERROR;
				GCC_WARN_UNDECLARED_SELECTOR = YES;
				GCC_WARN_UNINITIALIZED_AUTOS = YES_AGGRESSIVE;
				GCC_WARN_UNUSED_FUNCTION = YES;
				GCC_WARN_UNUSED_VARIABLE = YES;
				IPHONEOS_DEPLOYMENT_TARGET = 11.2;
				MTL_ENABLE_DEBUG_INFO = NO;
				SDKROOT = iphoneos;
				SWIFT_OPTIMIZATION_LEVEL = "-Owholemodule";
				VALIDATE_PRODUCT = YES;
			};
			name = Release;
		};
		DA359C732043324F000190AD /* Debug */ = {
			isa = XCBuildConfiguration;
			baseConfigurationReference = 956B2D9151D0333E5BDD4BE9 /* Pods-finalProject.debug.xcconfig */;
			buildSettings = {
				ASSETCATALOG_COMPILER_APPICON_NAME = AppIcon;
				CODE_SIGN_STYLE = Automatic;
				DEVELOPMENT_TEAM = 4N25H97F3B;
				INFOPLIST_FILE = "$(SRCROOT)/finalProject/Supporting Files/Info.plist";
				IPHONEOS_DEPLOYMENT_TARGET = 11.2;
				LD_RUNPATH_SEARCH_PATHS = "$(inherited) @executable_path/Frameworks";
				PRODUCT_BUNDLE_IDENTIFIER = AndrewJenson.finalProject;
				PRODUCT_NAME = "$(TARGET_NAME)";
				SWIFT_VERSION = 4.0;
				TARGETED_DEVICE_FAMILY = "1,2";
			};
			name = Debug;
		};
		DA359C742043324F000190AD /* Release */ = {
			isa = XCBuildConfiguration;
			baseConfigurationReference = 1A2A5CFE278A832A0EADEC92 /* Pods-finalProject.release.xcconfig */;
			buildSettings = {
				ASSETCATALOG_COMPILER_APPICON_NAME = AppIcon;
				CODE_SIGN_STYLE = Automatic;
				DEVELOPMENT_TEAM = 4N25H97F3B;
				INFOPLIST_FILE = "$(SRCROOT)/finalProject/Supporting Files/Info.plist";
				IPHONEOS_DEPLOYMENT_TARGET = 11.2;
				LD_RUNPATH_SEARCH_PATHS = "$(inherited) @executable_path/Frameworks";
				PRODUCT_BUNDLE_IDENTIFIER = AndrewJenson.finalProject;
				PRODUCT_NAME = "$(TARGET_NAME)";
				SWIFT_VERSION = 4.0;
				TARGETED_DEVICE_FAMILY = "1,2";
			};
			name = Release;
		};
/* End XCBuildConfiguration section */

/* Begin XCConfigurationList section */
		DA359C5B2043324F000190AD /* Build configuration list for PBXProject "finalProject" */ = {
			isa = XCConfigurationList;
			buildConfigurations = (
				DA359C702043324F000190AD /* Debug */,
				DA359C712043324F000190AD /* Release */,
			);
			defaultConfigurationIsVisible = 0;
			defaultConfigurationName = Release;
		};
		DA359C722043324F000190AD /* Build configuration list for PBXNativeTarget "finalProject" */ = {
			isa = XCConfigurationList;
			buildConfigurations = (
				DA359C732043324F000190AD /* Debug */,
				DA359C742043324F000190AD /* Release */,
			);
			defaultConfigurationIsVisible = 0;
			defaultConfigurationName = Release;
		};
/* End XCConfigurationList section */
	};
	rootObject = DA359C582043324F000190AD /* Project object */;
}
