// !$*UTF8*$!
{
	archiveVersion = 1;
	classes = {
	};
	objectVersion = 51;
	objects = {

/* Begin PBXBuildFile section */
		DA015BF42073E36300A0342F /* UIViewControllerExtension.swift in Sources */ = {isa = PBXBuildFile; fileRef = DA015BF32073E36300A0342F /* UIViewControllerExtension.swift */; };
		DA015BF72073E3FC00A0342F /* GCDBlackBox.swift in Sources */ = {isa = PBXBuildFile; fileRef = DA015BF62073E3FC00A0342F /* GCDBlackBox.swift */; };
		DA05883620EEF47F0065098D /* KeyboardService.swift in Sources */ = {isa = PBXBuildFile; fileRef = DA05883520EEF47F0065098D /* KeyboardService.swift */; };
		DA05883820EEFC970065098D /* UITextView+DoneButton.swift in Sources */ = {isa = PBXBuildFile; fileRef = DA05883720EEFC970065098D /* UITextView+DoneButton.swift */; };
		DA05B7D720FEC84700729AF4 /* ShadowLabel.swift in Sources */ = {isa = PBXBuildFile; fileRef = DA05B7D620FEC84700729AF4 /* ShadowLabel.swift */; };
		DA061138225003AA008CABE5 /* MindViewController.swift in Sources */ = {isa = PBXBuildFile; fileRef = DA061137225003AA008CABE5 /* MindViewController.swift */; };
		DA09E2FA22126E5A0050C1E8 /* GradientView.swift in Sources */ = {isa = PBXBuildFile; fileRef = DA09E2F922126E5A0050C1E8 /* GradientView.swift */; };
		DA0EDE0C2104EEB300B9363F /* Quote.swift in Sources */ = {isa = PBXBuildFile; fileRef = DA0EDE0B2104EEB300B9363F /* Quote.swift */; };
		DA0EDE0E2104EF6D00B9363F /* Hint.swift in Sources */ = {isa = PBXBuildFile; fileRef = DA0EDE0D2104EF6D00B9363F /* Hint.swift */; };
		DA15AE1220B649B400EFC4C2 /* CounterTableViewCell.swift in Sources */ = {isa = PBXBuildFile; fileRef = DA15AE1120B649B400EFC4C2 /* CounterTableViewCell.swift */; };
		DA20FEDD21F03643000F0C53 /* UIImage+Extension.swift in Sources */ = {isa = PBXBuildFile; fileRef = DA20FEDC21F03643000F0C53 /* UIImage+Extension.swift */; };
		DA2223A220E8672800103829 /* ResponseTableViewCell.swift in Sources */ = {isa = PBXBuildFile; fileRef = DA2223A120E8672800103829 /* ResponseTableViewCell.swift */; };
		DA272D0B20BCE62200137039 /* AdviceData.swift in Sources */ = {isa = PBXBuildFile; fileRef = DA272D0A20BCE62200137039 /* AdviceData.swift */; };
		DA272D0D20BCE72B00137039 /* CounterAdvice.swift in Sources */ = {isa = PBXBuildFile; fileRef = DA272D0C20BCE72B00137039 /* CounterAdvice.swift */; };
		DA272F7122266CCB005B8157 /* MasterViewController.swift in Sources */ = {isa = PBXBuildFile; fileRef = DA272F7022266CCB005B8157 /* MasterViewController.swift */; };
		DA2B85F720B8D59E005B7DD6 /* MessageItem.swift in Sources */ = {isa = PBXBuildFile; fileRef = DA2B85F620B8D59E005B7DD6 /* MessageItem.swift */; };
		DA2B860120B9EB52005B7DD6 /* ProfileItem.swift in Sources */ = {isa = PBXBuildFile; fileRef = DA2B860020B9EB52005B7DD6 /* ProfileItem.swift */; };
		DA2BBE9B20A532EE00356777 /* ProfileSelectedPerson.swift in Sources */ = {isa = PBXBuildFile; fileRef = DA2BBE9A20A532EE00356777 /* ProfileSelectedPerson.swift */; };
		DA359C642043324F000190AD /* AppDelegate.swift in Sources */ = {isa = PBXBuildFile; fileRef = DA359C632043324F000190AD /* AppDelegate.swift */; };
		DA359C692043324F000190AD /* Main.storyboard in Resources */ = {isa = PBXBuildFile; fileRef = DA359C672043324F000190AD /* Main.storyboard */; };
		DA359C6E2043324F000190AD /* LaunchScreen.storyboard in Resources */ = {isa = PBXBuildFile; fileRef = DA359C6C2043324F000190AD /* LaunchScreen.storyboard */; };
		DA361D2320818BDF007ACE59 /* Constants.swift in Sources */ = {isa = PBXBuildFile; fileRef = DA361D2220818BDF007ACE59 /* Constants.swift */; };
		DA361D2D20840DD3007ACE59 /* Login.storyboard in Resources */ = {isa = PBXBuildFile; fileRef = DA361D2C20840DD3007ACE59 /* Login.storyboard */; };
		DA361D2F2084273E007ACE59 /* User.swift in Sources */ = {isa = PBXBuildFile; fileRef = DA361D2E2084273E007ACE59 /* User.swift */; };
		DA361D3120844F41007ACE59 /* LoginViewController.swift in Sources */ = {isa = PBXBuildFile; fileRef = DA361D3020844F41007ACE59 /* LoginViewController.swift */; };
		DA361D3520858297007ACE59 /* Storyboard+Utility.swift in Sources */ = {isa = PBXBuildFile; fileRef = DA361D3420858297007ACE59 /* Storyboard+Utility.swift */; };
		DA361D3920896E5D007ACE59 /* Date+convertToString.swift in Sources */ = {isa = PBXBuildFile; fileRef = DA361D3820896E5D007ACE59 /* Date+convertToString.swift */; };
		DA388FA620F2957000AC5EDC /* CardView.swift in Sources */ = {isa = PBXBuildFile; fileRef = DA388FA520F2957000AC5EDC /* CardView.swift */; };
		DA3F77C52055BE4800F7361A /* Tip.swift in Sources */ = {isa = PBXBuildFile; fileRef = DA3F77C42055BE4800F7361A /* Tip.swift */; };
		DA404BD520B103DC007220F4 /* CounterViewController.swift in Sources */ = {isa = PBXBuildFile; fileRef = DA404BD420B103DC007220F4 /* CounterViewController.swift */; };
		DA511DE3213F171B0056949B /* MoodData.swift in Sources */ = {isa = PBXBuildFile; fileRef = DA511DE2213F171B0056949B /* MoodData.swift */; };
		DA531D3920C19F4E00EA9A83 /* RoundCorneredButton.swift in Sources */ = {isa = PBXBuildFile; fileRef = DA531D3820C19F4E00EA9A83 /* RoundCorneredButton.swift */; };
		DA59A24A209E4845008018D1 /* NewUserList.swift in Sources */ = {isa = PBXBuildFile; fileRef = DA59A249209E4845008018D1 /* NewUserList.swift */; };
		DA5AED9F207683120094AA57 /* GoogleService-Info.plist in Resources */ = {isa = PBXBuildFile; fileRef = DA5AED9E207683120094AA57 /* GoogleService-Info.plist */; };
		DA5AEDA720769D0E0094AA57 /* WelcomeViewController.swift in Sources */ = {isa = PBXBuildFile; fileRef = DA5AEDA620769D0E0094AA57 /* WelcomeViewController.swift */; };
		DA5AEDAE2077000F0094AA57 /* JournalMessage.swift in Sources */ = {isa = PBXBuildFile; fileRef = DA5AEDAD2077000F0094AA57 /* JournalMessage.swift */; };
		DA5AEDB420794CF90094AA57 /* ProfileStatement.swift in Sources */ = {isa = PBXBuildFile; fileRef = DA5AEDB320794CF90094AA57 /* ProfileStatement.swift */; };
		DA5EE4C020918CBE00B54438 /* JournalAdvice.swift in Sources */ = {isa = PBXBuildFile; fileRef = DA5EE4BF20918CBE00B54438 /* JournalAdvice.swift */; };
		DA606B512064969100DD14C0 /* Topic.swift in Sources */ = {isa = PBXBuildFile; fileRef = DA606B502064969100DD14C0 /* Topic.swift */; };
		DA687C3622605EAC0037DD48 /* RoundProfileIconButton.swift in Sources */ = {isa = PBXBuildFile; fileRef = DA687C3522605EAC0037DD48 /* RoundProfileIconButton.swift */; };
		DA687C38226064F00037DD48 /* UserProfileViewController.swift in Sources */ = {isa = PBXBuildFile; fileRef = DA687C37226064F00037DD48 /* UserProfileViewController.swift */; };
		DA6D721420B4FD75002FCD1D /* MasterJournalViewController.swift in Sources */ = {isa = PBXBuildFile; fileRef = DA6D721320B4FD75002FCD1D /* MasterJournalViewController.swift */; };
		DA6EBB3321C9C149006F7259 /* PersonAdvice.swift in Sources */ = {isa = PBXBuildFile; fileRef = DA6EBB3221C9C149006F7259 /* PersonAdvice.swift */; };
		DA6EBB3521C9CDEE006F7259 /* Header.swift in Sources */ = {isa = PBXBuildFile; fileRef = DA6EBB3421C9CDEE006F7259 /* Header.swift */; };
		DA6EBB3721CACF2C006F7259 /* HeaderData.swift in Sources */ = {isa = PBXBuildFile; fileRef = DA6EBB3621CACF2C006F7259 /* HeaderData.swift */; };
		DA78986E204F5F69005046D8 /* ViewModelItemType.swift in Sources */ = {isa = PBXBuildFile; fileRef = DA78986D204F5F69005046D8 /* ViewModelItemType.swift */; };
		DA78987620507C86005046D8 /* ProfileTableViewCell.swift in Sources */ = {isa = PBXBuildFile; fileRef = DA78987520507C86005046D8 /* ProfileTableViewCell.swift */; };
		DA7898832051E39E005046D8 /* ProfileViewController.swift in Sources */ = {isa = PBXBuildFile; fileRef = DA7898822051E39E005046D8 /* ProfileViewController.swift */; };
		DA7898872051E5E0005046D8 /* ProfileDataModel.swift in Sources */ = {isa = PBXBuildFile; fileRef = DA7898862051E5E0005046D8 /* ProfileDataModel.swift */; };
		DA7898892051E8EC005046D8 /* ProfileDataResults.swift in Sources */ = {isa = PBXBuildFile; fileRef = DA7898882051E8EC005046D8 /* ProfileDataResults.swift */; };
		DA78988D2052EFA1005046D8 /* NowViewController.swift in Sources */ = {isa = PBXBuildFile; fileRef = DA78988C2052EFA1005046D8 /* NowViewController.swift */; };
		DA78988F2053102E005046D8 /* NowTableViewCell.swift in Sources */ = {isa = PBXBuildFile; fileRef = DA78988E2053102E005046D8 /* NowTableViewCell.swift */; };
		DA8DC6F921F6500300663DB4 /* TopCornersRoundedView.swift in Sources */ = {isa = PBXBuildFile; fileRef = DA8DC6F821F6500300663DB4 /* TopCornersRoundedView.swift */; };
		DA8DC6FB21F66F1B00663DB4 /* BottomCornersRoundedView.swift in Sources */ = {isa = PBXBuildFile; fileRef = DA8DC6FA21F66F1B00663DB4 /* BottomCornersRoundedView.swift */; };
		DA9CC27720FD3B58001A89B7 /* RoundedOvalButton.swift in Sources */ = {isa = PBXBuildFile; fileRef = DA9CC27620FD3B58001A89B7 /* RoundedOvalButton.swift */; };
		DA9CC27920FD5413001A89B7 /* UIView+Extension.swift in Sources */ = {isa = PBXBuildFile; fileRef = DA9CC27820FD5413001A89B7 /* UIView+Extension.swift */; };
		DAA1021D2053444000A25EFC /* RoundButton.swift in Sources */ = {isa = PBXBuildFile; fileRef = DAA1021C2053444000A25EFC /* RoundButton.swift */; };
		DAA1021F2053448200A25EFC /* RoundImage.swift in Sources */ = {isa = PBXBuildFile; fileRef = DAA1021E2053448200A25EFC /* RoundImage.swift */; };
		DAA1022520537A2400A25EFC /* JournalViewController.swift in Sources */ = {isa = PBXBuildFile; fileRef = DAA1022420537A2400A25EFC /* JournalViewController.swift */; };
		DAA1022820537D6600A25EFC /* JournalTableViewCell.swift in Sources */ = {isa = PBXBuildFile; fileRef = DAA1022720537D6600A25EFC /* JournalTableViewCell.swift */; };
		DAA1022B2053804900A25EFC /* UITextView+Expanding.swift in Sources */ = {isa = PBXBuildFile; fileRef = DAA1022A2053804900A25EFC /* UITextView+Expanding.swift */; };
		DAABB5D42207CB2100066AF8 /* CALayer+Extension.swift in Sources */ = {isa = PBXBuildFile; fileRef = DAABB5D32207CB2100066AF8 /* CALayer+Extension.swift */; };
		DAB0506E209AAF1E0066D705 /* ProfileUserData.swift in Sources */ = {isa = PBXBuildFile; fileRef = DAB0506D209AAF1E0066D705 /* ProfileUserData.swift */; };
		DAB060CA21547EAC001DB425 /* NewUserViewController.swift in Sources */ = {isa = PBXBuildFile; fileRef = DAB060C921547EAC001DB425 /* NewUserViewController.swift */; };
		DAB647E921F03FBB00CBB6AE /* Assets.xcassets in Resources */ = {isa = PBXBuildFile; fileRef = DAB647E821F03FBB00CBB6AE /* Assets.xcassets */; };
		DAB931052204129800808018 /* UIImageView+Extension.swift in Sources */ = {isa = PBXBuildFile; fileRef = DAB931042204129800808018 /* UIImageView+Extension.swift */; };
		DABCD8F620CC47360091AD0B /* UIColor+Conveinence.swift in Sources */ = {isa = PBXBuildFile; fileRef = DABCD8F520CC47360091AD0B /* UIColor+Conveinence.swift */; };
		DABCD8F820CC49210091AD0B /* NowConstants.swift in Sources */ = {isa = PBXBuildFile; fileRef = DABCD8F720CC49210091AD0B /* NowConstants.swift */; };
		DAC6384A20B1CE310004891D /* GoalItem.swift in Sources */ = {isa = PBXBuildFile; fileRef = DAC6384920B1CE310004891D /* GoalItem.swift */; };
		DAC8DFF6206ED93B005D627B /* TopicData.swift in Sources */ = {isa = PBXBuildFile; fileRef = DAC8DFF5206ED93B005D627B /* TopicData.swift */; };
		DAC8DFF8206EFB13005D627B /* NowData.swift in Sources */ = {isa = PBXBuildFile; fileRef = DAC8DFF7206EFB13005D627B /* NowData.swift */; };
		DAC8DFFA206F55A5005D627B /* SmallRoundButton.swift in Sources */ = {isa = PBXBuildFile; fileRef = DAC8DFF9206F55A5005D627B /* SmallRoundButton.swift */; };
		DAC8DFFC206F5A67005D627B /* UserInforViewController.swift in Sources */ = {isa = PBXBuildFile; fileRef = DAC8DFFB206F5A67005D627B /* UserInforViewController.swift */; };
		DACA911C20FBD09200475CE5 /* HabitFact.swift in Sources */ = {isa = PBXBuildFile; fileRef = DACA911B20FBD09200475CE5 /* HabitFact.swift */; };
		DACA911E20FBD0B700475CE5 /* HabitQuote.swift in Sources */ = {isa = PBXBuildFile; fileRef = DACA911D20FBD0B700475CE5 /* HabitQuote.swift */; };
		DADE4C7A20E9A5D300E19393 /* QuoteData.swift in Sources */ = {isa = PBXBuildFile; fileRef = DADE4C7920E9A5D300E19393 /* QuoteData.swift */; };
		DAE1EC6620AA801E00EA9B3E /* EditButton.swift in Sources */ = {isa = PBXBuildFile; fileRef = DAE1EC6520AA801E00EA9B3E /* EditButton.swift */; };
		DAE2977A20BB76EC00868BF2 /* InternetConnection.swift in Sources */ = {isa = PBXBuildFile; fileRef = DAE2977920BB76EC00868BF2 /* InternetConnection.swift */; };
		DAE95B3321E30B6300F01848 /* Thread+Extension.swift in Sources */ = {isa = PBXBuildFile; fileRef = DAE95B3221E30B6300F01848 /* Thread+Extension.swift */; };
		DAEA7484222FBB0700AEDF95 /* RoundCornerView.swift in Sources */ = {isa = PBXBuildFile; fileRef = DAEA7483222FBB0700AEDF95 /* RoundCornerView.swift */; };
		DAF1B32F207AFDFD0090EBF0 /* MainTabBarViewController.swift in Sources */ = {isa = PBXBuildFile; fileRef = DAF1B32E207AFDFD0090EBF0 /* MainTabBarViewController.swift */; };
		E15151C67608ACAB70542809 /* Pods_finalProject.framework in Frameworks */ = {isa = PBXBuildFile; fileRef = 845EBD2830BFA1A4793D6517 /* Pods_finalProject.framework */; };
/* End PBXBuildFile section */

/* Begin PBXFileReference section */
		208C5C3F877D89292FF1C441 /* Pods-finalProject.release.xcconfig */ = {isa = PBXFileReference; includeInIndex = 1; lastKnownFileType = text.xcconfig; name = "Pods-finalProject.release.xcconfig"; path = "Pods/Target Support Files/Pods-finalProject/Pods-finalProject.release.xcconfig"; sourceTree = "<group>"; };
		7CE7DB62B68C9D78CB70C3F6 /* Pods-finalProject.debug.xcconfig */ = {isa = PBXFileReference; includeInIndex = 1; lastKnownFileType = text.xcconfig; name = "Pods-finalProject.debug.xcconfig"; path = "Pods/Target Support Files/Pods-finalProject/Pods-finalProject.debug.xcconfig"; sourceTree = "<group>"; };
		845EBD2830BFA1A4793D6517 /* Pods_finalProject.framework */ = {isa = PBXFileReference; explicitFileType = wrapper.framework; includeInIndex = 0; path = Pods_finalProject.framework; sourceTree = BUILT_PRODUCTS_DIR; };
		DA015BF32073E36300A0342F /* UIViewControllerExtension.swift */ = {isa = PBXFileReference; lastKnownFileType = sourcecode.swift; path = UIViewControllerExtension.swift; sourceTree = "<group>"; };
		DA015BF62073E3FC00A0342F /* GCDBlackBox.swift */ = {isa = PBXFileReference; lastKnownFileType = sourcecode.swift; path = GCDBlackBox.swift; sourceTree = "<group>"; };
		DA05883520EEF47F0065098D /* KeyboardService.swift */ = {isa = PBXFileReference; lastKnownFileType = sourcecode.swift; path = KeyboardService.swift; sourceTree = "<group>"; };
		DA05883720EEFC970065098D /* UITextView+DoneButton.swift */ = {isa = PBXFileReference; lastKnownFileType = sourcecode.swift; path = "UITextView+DoneButton.swift"; sourceTree = "<group>"; };
		DA05B7D620FEC84700729AF4 /* ShadowLabel.swift */ = {isa = PBXFileReference; lastKnownFileType = sourcecode.swift; path = ShadowLabel.swift; sourceTree = "<group>"; };
		DA061137225003AA008CABE5 /* MindViewController.swift */ = {isa = PBXFileReference; lastKnownFileType = sourcecode.swift; path = MindViewController.swift; sourceTree = "<group>"; };
		DA09E2F922126E5A0050C1E8 /* GradientView.swift */ = {isa = PBXFileReference; lastKnownFileType = sourcecode.swift; path = GradientView.swift; sourceTree = "<group>"; };
		DA0EDE0B2104EEB300B9363F /* Quote.swift */ = {isa = PBXFileReference; lastKnownFileType = sourcecode.swift; path = Quote.swift; sourceTree = "<group>"; };
		DA0EDE0D2104EF6D00B9363F /* Hint.swift */ = {isa = PBXFileReference; lastKnownFileType = sourcecode.swift; path = Hint.swift; sourceTree = "<group>"; };
		DA15AE1120B649B400EFC4C2 /* CounterTableViewCell.swift */ = {isa = PBXFileReference; lastKnownFileType = sourcecode.swift; path = CounterTableViewCell.swift; sourceTree = "<group>"; };
		DA20FEDC21F03643000F0C53 /* UIImage+Extension.swift */ = {isa = PBXFileReference; lastKnownFileType = sourcecode.swift; path = "UIImage+Extension.swift"; sourceTree = "<group>"; };
		DA2223A120E8672800103829 /* ResponseTableViewCell.swift */ = {isa = PBXFileReference; lastKnownFileType = sourcecode.swift; path = ResponseTableViewCell.swift; sourceTree = "<group>"; };
		DA272D0A20BCE62200137039 /* AdviceData.swift */ = {isa = PBXFileReference; lastKnownFileType = sourcecode.swift; path = AdviceData.swift; sourceTree = "<group>"; };
		DA272D0C20BCE72B00137039 /* CounterAdvice.swift */ = {isa = PBXFileReference; lastKnownFileType = sourcecode.swift; path = CounterAdvice.swift; sourceTree = "<group>"; };
		DA272F7022266CCB005B8157 /* MasterViewController.swift */ = {isa = PBXFileReference; lastKnownFileType = sourcecode.swift; path = MasterViewController.swift; sourceTree = "<group>"; };
		DA2B85F620B8D59E005B7DD6 /* MessageItem.swift */ = {isa = PBXFileReference; lastKnownFileType = sourcecode.swift; path = MessageItem.swift; sourceTree = "<group>"; };
		DA2B860020B9EB52005B7DD6 /* ProfileItem.swift */ = {isa = PBXFileReference; lastKnownFileType = sourcecode.swift; path = ProfileItem.swift; sourceTree = "<group>"; };
		DA2BBE9A20A532EE00356777 /* ProfileSelectedPerson.swift */ = {isa = PBXFileReference; lastKnownFileType = sourcecode.swift; path = ProfileSelectedPerson.swift; sourceTree = "<group>"; };
		DA359C602043324F000190AD /* finalProject.app */ = {isa = PBXFileReference; explicitFileType = wrapper.application; includeInIndex = 0; path = finalProject.app; sourceTree = BUILT_PRODUCTS_DIR; };
		DA359C632043324F000190AD /* AppDelegate.swift */ = {isa = PBXFileReference; lastKnownFileType = sourcecode.swift; path = AppDelegate.swift; sourceTree = "<group>"; };
		DA359C682043324F000190AD /* Base */ = {isa = PBXFileReference; lastKnownFileType = file.storyboard; name = Base; path = Base.lproj/Main.storyboard; sourceTree = "<group>"; };
		DA359C6D2043324F000190AD /* Base */ = {isa = PBXFileReference; lastKnownFileType = file.storyboard; name = Base; path = Base.lproj/LaunchScreen.storyboard; sourceTree = "<group>"; };
		DA359C6F2043324F000190AD /* Info.plist */ = {isa = PBXFileReference; lastKnownFileType = text.plist.xml; path = Info.plist; sourceTree = "<group>"; };
		DA361D2220818BDF007ACE59 /* Constants.swift */ = {isa = PBXFileReference; lastKnownFileType = sourcecode.swift; path = Constants.swift; sourceTree = "<group>"; };
		DA361D2C20840DD3007ACE59 /* Login.storyboard */ = {isa = PBXFileReference; lastKnownFileType = file.storyboard; path = Login.storyboard; sourceTree = "<group>"; };
		DA361D2E2084273E007ACE59 /* User.swift */ = {isa = PBXFileReference; lastKnownFileType = sourcecode.swift; path = User.swift; sourceTree = "<group>"; };
		DA361D3020844F41007ACE59 /* LoginViewController.swift */ = {isa = PBXFileReference; lastKnownFileType = sourcecode.swift; path = LoginViewController.swift; sourceTree = "<group>"; };
		DA361D3420858297007ACE59 /* Storyboard+Utility.swift */ = {isa = PBXFileReference; lastKnownFileType = sourcecode.swift; path = "Storyboard+Utility.swift"; sourceTree = "<group>"; };
		DA361D3820896E5D007ACE59 /* Date+convertToString.swift */ = {isa = PBXFileReference; lastKnownFileType = sourcecode.swift; path = "Date+convertToString.swift"; sourceTree = "<group>"; };
		DA388FA520F2957000AC5EDC /* CardView.swift */ = {isa = PBXFileReference; lastKnownFileType = sourcecode.swift; path = CardView.swift; sourceTree = "<group>"; };
		DA3F77C42055BE4800F7361A /* Tip.swift */ = {isa = PBXFileReference; lastKnownFileType = sourcecode.swift; path = Tip.swift; sourceTree = "<group>"; };
		DA404BD420B103DC007220F4 /* CounterViewController.swift */ = {isa = PBXFileReference; lastKnownFileType = sourcecode.swift; path = CounterViewController.swift; sourceTree = "<group>"; };
		DA511DE2213F171B0056949B /* MoodData.swift */ = {isa = PBXFileReference; lastKnownFileType = sourcecode.swift; path = MoodData.swift; sourceTree = "<group>"; };
		DA531D3820C19F4E00EA9A83 /* RoundCorneredButton.swift */ = {isa = PBXFileReference; lastKnownFileType = sourcecode.swift; path = RoundCorneredButton.swift; sourceTree = "<group>"; };
		DA59A249209E4845008018D1 /* NewUserList.swift */ = {isa = PBXFileReference; lastKnownFileType = sourcecode.swift; path = NewUserList.swift; sourceTree = "<group>"; };
		DA5AED9E207683120094AA57 /* GoogleService-Info.plist */ = {isa = PBXFileReference; fileEncoding = 4; lastKnownFileType = text.plist.xml; path = "GoogleService-Info.plist"; sourceTree = "<group>"; };
		DA5AEDA620769D0E0094AA57 /* WelcomeViewController.swift */ = {isa = PBXFileReference; lastKnownFileType = sourcecode.swift; path = WelcomeViewController.swift; sourceTree = "<group>"; };
		DA5AEDAD2077000F0094AA57 /* JournalMessage.swift */ = {isa = PBXFileReference; lastKnownFileType = sourcecode.swift; path = JournalMessage.swift; sourceTree = "<group>"; };
		DA5AEDB320794CF90094AA57 /* ProfileStatement.swift */ = {isa = PBXFileReference; lastKnownFileType = sourcecode.swift; path = ProfileStatement.swift; sourceTree = "<group>"; };
		DA5EE4BF20918CBE00B54438 /* JournalAdvice.swift */ = {isa = PBXFileReference; lastKnownFileType = sourcecode.swift; path = JournalAdvice.swift; sourceTree = "<group>"; };
		DA606B502064969100DD14C0 /* Topic.swift */ = {isa = PBXFileReference; lastKnownFileType = sourcecode.swift; path = Topic.swift; sourceTree = "<group>"; };
		DA687C3522605EAC0037DD48 /* RoundProfileIconButton.swift */ = {isa = PBXFileReference; lastKnownFileType = sourcecode.swift; path = RoundProfileIconButton.swift; sourceTree = "<group>"; };
		DA687C37226064F00037DD48 /* UserProfileViewController.swift */ = {isa = PBXFileReference; lastKnownFileType = sourcecode.swift; path = UserProfileViewController.swift; sourceTree = "<group>"; };
		DA6D721320B4FD75002FCD1D /* MasterJournalViewController.swift */ = {isa = PBXFileReference; lastKnownFileType = sourcecode.swift; path = MasterJournalViewController.swift; sourceTree = "<group>"; };
		DA6EBB3221C9C149006F7259 /* PersonAdvice.swift */ = {isa = PBXFileReference; lastKnownFileType = sourcecode.swift; path = PersonAdvice.swift; sourceTree = "<group>"; };
		DA6EBB3421C9CDEE006F7259 /* Header.swift */ = {isa = PBXFileReference; lastKnownFileType = sourcecode.swift; path = Header.swift; sourceTree = "<group>"; };
		DA6EBB3621CACF2C006F7259 /* HeaderData.swift */ = {isa = PBXFileReference; lastKnownFileType = sourcecode.swift; path = HeaderData.swift; sourceTree = "<group>"; };
		DA78986D204F5F69005046D8 /* ViewModelItemType.swift */ = {isa = PBXFileReference; lastKnownFileType = sourcecode.swift; path = ViewModelItemType.swift; sourceTree = "<group>"; };
		DA78987520507C86005046D8 /* ProfileTableViewCell.swift */ = {isa = PBXFileReference; lastKnownFileType = sourcecode.swift; path = ProfileTableViewCell.swift; sourceTree = "<group>"; };
		DA7898822051E39E005046D8 /* ProfileViewController.swift */ = {isa = PBXFileReference; lastKnownFileType = sourcecode.swift; path = ProfileViewController.swift; sourceTree = "<group>"; };
		DA7898862051E5E0005046D8 /* ProfileDataModel.swift */ = {isa = PBXFileReference; lastKnownFileType = sourcecode.swift; path = ProfileDataModel.swift; sourceTree = "<group>"; };
		DA7898882051E8EC005046D8 /* ProfileDataResults.swift */ = {isa = PBXFileReference; lastKnownFileType = sourcecode.swift; path = ProfileDataResults.swift; sourceTree = "<group>"; };
		DA78988C2052EFA1005046D8 /* NowViewController.swift */ = {isa = PBXFileReference; lastKnownFileType = sourcecode.swift; path = NowViewController.swift; sourceTree = "<group>"; };
		DA78988E2053102E005046D8 /* NowTableViewCell.swift */ = {isa = PBXFileReference; lastKnownFileType = sourcecode.swift; path = NowTableViewCell.swift; sourceTree = "<group>"; };
		DA8DC6F821F6500300663DB4 /* TopCornersRoundedView.swift */ = {isa = PBXFileReference; lastKnownFileType = sourcecode.swift; path = TopCornersRoundedView.swift; sourceTree = "<group>"; };
		DA8DC6FA21F66F1B00663DB4 /* BottomCornersRoundedView.swift */ = {isa = PBXFileReference; lastKnownFileType = sourcecode.swift; path = BottomCornersRoundedView.swift; sourceTree = "<group>"; };
		DA9CC27620FD3B58001A89B7 /* RoundedOvalButton.swift */ = {isa = PBXFileReference; lastKnownFileType = sourcecode.swift; path = RoundedOvalButton.swift; sourceTree = "<group>"; };
		DA9CC27820FD5413001A89B7 /* UIView+Extension.swift */ = {isa = PBXFileReference; lastKnownFileType = sourcecode.swift; path = "UIView+Extension.swift"; sourceTree = "<group>"; };
		DAA1021C2053444000A25EFC /* RoundButton.swift */ = {isa = PBXFileReference; lastKnownFileType = sourcecode.swift; path = RoundButton.swift; sourceTree = "<group>"; };
		DAA1021E2053448200A25EFC /* RoundImage.swift */ = {isa = PBXFileReference; lastKnownFileType = sourcecode.swift; path = RoundImage.swift; sourceTree = "<group>"; };
		DAA1022420537A2400A25EFC /* JournalViewController.swift */ = {isa = PBXFileReference; lastKnownFileType = sourcecode.swift; path = JournalViewController.swift; sourceTree = "<group>"; };
		DAA1022720537D6600A25EFC /* JournalTableViewCell.swift */ = {isa = PBXFileReference; lastKnownFileType = sourcecode.swift; path = JournalTableViewCell.swift; sourceTree = "<group>"; };
		DAA1022A2053804900A25EFC /* UITextView+Expanding.swift */ = {isa = PBXFileReference; lastKnownFileType = sourcecode.swift; path = "UITextView+Expanding.swift"; sourceTree = "<group>"; };
		DAABB5D32207CB2100066AF8 /* CALayer+Extension.swift */ = {isa = PBXFileReference; lastKnownFileType = sourcecode.swift; path = "CALayer+Extension.swift"; sourceTree = "<group>"; };
		DAB0506D209AAF1E0066D705 /* ProfileUserData.swift */ = {isa = PBXFileReference; lastKnownFileType = sourcecode.swift; path = ProfileUserData.swift; sourceTree = "<group>"; };
		DAB060C921547EAC001DB425 /* NewUserViewController.swift */ = {isa = PBXFileReference; lastKnownFileType = sourcecode.swift; path = NewUserViewController.swift; sourceTree = "<group>"; };
		DAB647E821F03FBB00CBB6AE /* Assets.xcassets */ = {isa = PBXFileReference; lastKnownFileType = folder.assetcatalog; path = Assets.xcassets; sourceTree = "<group>"; };
		DAB931042204129800808018 /* UIImageView+Extension.swift */ = {isa = PBXFileReference; lastKnownFileType = sourcecode.swift; path = "UIImageView+Extension.swift"; sourceTree = "<group>"; };
		DABCD8F520CC47360091AD0B /* UIColor+Conveinence.swift */ = {isa = PBXFileReference; lastKnownFileType = sourcecode.swift; path = "UIColor+Conveinence.swift"; sourceTree = "<group>"; };
		DABCD8F720CC49210091AD0B /* NowConstants.swift */ = {isa = PBXFileReference; lastKnownFileType = sourcecode.swift; path = NowConstants.swift; sourceTree = "<group>"; };
		DAC6384920B1CE310004891D /* GoalItem.swift */ = {isa = PBXFileReference; lastKnownFileType = sourcecode.swift; path = GoalItem.swift; sourceTree = "<group>"; };
		DAC8DFF5206ED93B005D627B /* TopicData.swift */ = {isa = PBXFileReference; lastKnownFileType = sourcecode.swift; path = TopicData.swift; sourceTree = "<group>"; };
		DAC8DFF7206EFB13005D627B /* NowData.swift */ = {isa = PBXFileReference; lastKnownFileType = sourcecode.swift; path = NowData.swift; sourceTree = "<group>"; };
		DAC8DFF9206F55A5005D627B /* SmallRoundButton.swift */ = {isa = PBXFileReference; lastKnownFileType = sourcecode.swift; path = SmallRoundButton.swift; sourceTree = "<group>"; };
		DAC8DFFB206F5A67005D627B /* UserInforViewController.swift */ = {isa = PBXFileReference; lastKnownFileType = sourcecode.swift; path = UserInforViewController.swift; sourceTree = "<group>"; };
		DACA911B20FBD09200475CE5 /* HabitFact.swift */ = {isa = PBXFileReference; lastKnownFileType = sourcecode.swift; path = HabitFact.swift; sourceTree = "<group>"; };
		DACA911D20FBD0B700475CE5 /* HabitQuote.swift */ = {isa = PBXFileReference; lastKnownFileType = sourcecode.swift; path = HabitQuote.swift; sourceTree = "<group>"; };
		DADE4C7920E9A5D300E19393 /* QuoteData.swift */ = {isa = PBXFileReference; lastKnownFileType = sourcecode.swift; path = QuoteData.swift; sourceTree = "<group>"; };
		DAE1EC6520AA801E00EA9B3E /* EditButton.swift */ = {isa = PBXFileReference; lastKnownFileType = sourcecode.swift; path = EditButton.swift; sourceTree = "<group>"; };
		DAE2977920BB76EC00868BF2 /* InternetConnection.swift */ = {isa = PBXFileReference; lastKnownFileType = sourcecode.swift; path = InternetConnection.swift; sourceTree = "<group>"; };
		DAE95B3221E30B6300F01848 /* Thread+Extension.swift */ = {isa = PBXFileReference; lastKnownFileType = sourcecode.swift; path = "Thread+Extension.swift"; sourceTree = "<group>"; };
		DAEA7483222FBB0700AEDF95 /* RoundCornerView.swift */ = {isa = PBXFileReference; lastKnownFileType = sourcecode.swift; path = RoundCornerView.swift; sourceTree = "<group>"; };
		DAF1B32E207AFDFD0090EBF0 /* MainTabBarViewController.swift */ = {isa = PBXFileReference; lastKnownFileType = sourcecode.swift; path = MainTabBarViewController.swift; sourceTree = "<group>"; };
/* End PBXFileReference section */

/* Begin PBXFrameworksBuildPhase section */
		DA359C5D2043324F000190AD /* Frameworks */ = {
			isa = PBXFrameworksBuildPhase;
			buildActionMask = 2147483647;
			files = (
				E15151C67608ACAB70542809 /* Pods_finalProject.framework in Frameworks */,
			);
			runOnlyForDeploymentPostprocessing = 0;
		};
/* End PBXFrameworksBuildPhase section */

/* Begin PBXGroup section */
		0DD547CF5C52DC70DB204AA5 /* Frameworks */ = {
			isa = PBXGroup;
			children = (
				845EBD2830BFA1A4793D6517 /* Pods_finalProject.framework */,
			);
			name = Frameworks;
			sourceTree = "<group>";
		};
		758BCD5A944CEF99021B7949 /* Pods */ = {
			isa = PBXGroup;
			children = (
				7CE7DB62B68C9D78CB70C3F6 /* Pods-finalProject.debug.xcconfig */,
				208C5C3F877D89292FF1C441 /* Pods-finalProject.release.xcconfig */,
			);
			name = Pods;
			sourceTree = "<group>";
		};
		DA015BF52073E3D500A0342F /* Helpers */ = {
			isa = PBXGroup;
			children = (
				DA361D2220818BDF007ACE59 /* Constants.swift */,
				DAE2977920BB76EC00868BF2 /* InternetConnection.swift */,
				DA015BF62073E3FC00A0342F /* GCDBlackBox.swift */,
				DA05883520EEF47F0065098D /* KeyboardService.swift */,
			);
			path = Helpers;
			sourceTree = "<group>";
		};
		DA272D0520BCB6E700137039 /* Now */ = {
			isa = PBXGroup;
			children = (
				DAC8DFF5206ED93B005D627B /* TopicData.swift */,
				DAC8DFF7206EFB13005D627B /* NowData.swift */,
				DADE4C7920E9A5D300E19393 /* QuoteData.swift */,
				DA606B502064969100DD14C0 /* Topic.swift */,
				DA3F77C42055BE4800F7361A /* Tip.swift */,
				DA0EDE0B2104EEB300B9363F /* Quote.swift */,
			);
			path = Now;
			sourceTree = "<group>";
		};
		DA272D0620BCB70000137039 /* Profile */ = {
			isa = PBXGroup;
			children = (
				DA2B860020B9EB52005B7DD6 /* ProfileItem.swift */,
				DA59A249209E4845008018D1 /* NewUserList.swift */,
				DA7898862051E5E0005046D8 /* ProfileDataModel.swift */,
				DA2BBE9A20A532EE00356777 /* ProfileSelectedPerson.swift */,
				DA7898882051E8EC005046D8 /* ProfileDataResults.swift */,
				DA5AEDB320794CF90094AA57 /* ProfileStatement.swift */,
				DAB0506D209AAF1E0066D705 /* ProfileUserData.swift */,
				DA6EBB3221C9C149006F7259 /* PersonAdvice.swift */,
			);
			path = Profile;
			sourceTree = "<group>";
		};
		DA272D0720BCB70900137039 /* Journal */ = {
			isa = PBXGroup;
			children = (
				DA6EBB3421C9CDEE006F7259 /* Header.swift */,
				DA0EDE0D2104EF6D00B9363F /* Hint.swift */,
				DA6EBB3621CACF2C006F7259 /* HeaderData.swift */,
				DA272D0A20BCE62200137039 /* AdviceData.swift */,
				DA511DE2213F171B0056949B /* MoodData.swift */,
				DA5EE4BF20918CBE00B54438 /* JournalAdvice.swift */,
				DAC6384920B1CE310004891D /* GoalItem.swift */,
				DA2B85F620B8D59E005B7DD6 /* MessageItem.swift */,
				DA5AEDAD2077000F0094AA57 /* JournalMessage.swift */,
			);
			path = Journal;
			sourceTree = "<group>";
		};
		DA272D0820BCB71900137039 /* User */ = {
			isa = PBXGroup;
			children = (
				DA361D2E2084273E007ACE59 /* User.swift */,
			);
			path = User;
			sourceTree = "<group>";
		};
		DA359C572043324F000190AD = {
			isa = PBXGroup;
			children = (
				DA359C622043324F000190AD /* finalProject */,
				DA359C612043324F000190AD /* Products */,
				758BCD5A944CEF99021B7949 /* Pods */,
				0DD547CF5C52DC70DB204AA5 /* Frameworks */,
			);
			sourceTree = "<group>";
		};
		DA359C612043324F000190AD /* Products */ = {
			isa = PBXGroup;
			children = (
				DA359C602043324F000190AD /* finalProject.app */,
			);
			name = Products;
			sourceTree = "<group>";
		};
		DA359C622043324F000190AD /* finalProject */ = {
			isa = PBXGroup;
			children = (
				DAB647E821F03FBB00CBB6AE /* Assets.xcassets */,
				DA359C632043324F000190AD /* AppDelegate.swift */,
				DA361D2B20840A25007ACE59 /* Storyboards */,
				DA359C792043722A000190AD /* Controller */,
				DA359C772043721F000190AD /* Model */,
				DA359C7820437225000190AD /* View */,
				DA388FA720F2E1C200AC5EDC /* Fonts */,
				DA015BF52073E3D500A0342F /* Helpers */,
				DAA102292053801D00A25EFC /* Extensions */,
				DA5AEDA02076831D0094AA57 /* Supporting Files */,
			);
			path = finalProject;
			sourceTree = "<group>";
		};
		DA359C772043721F000190AD /* Model */ = {
			isa = PBXGroup;
			children = (
				DA272D0820BCB71900137039 /* User */,
				DA272D0520BCB6E700137039 /* Now */,
				DA272D0720BCB70900137039 /* Journal */,
				DACA911A20FBD06500475CE5 /* Habits */,
				DA272D0620BCB70000137039 /* Profile */,
			);
			path = Model;
			sourceTree = "<group>";
		};
		DA359C7820437225000190AD /* View */ = {
			isa = PBXGroup;
			children = (
				DAA1022620537D5200A25EFC /* Journal */,
				DA78987D2050DBB6005046D8 /* Now */,
				DA78987E2050DBBC005046D8 /* Profile */,
				DA388FA520F2957000AC5EDC /* CardView.swift */,
				DA531D3820C19F4E00EA9A83 /* RoundCorneredButton.swift */,
				DA9CC27620FD3B58001A89B7 /* RoundedOvalButton.swift */,
				DAA1021E2053448200A25EFC /* RoundImage.swift */,
				DAE1EC6520AA801E00EA9B3E /* EditButton.swift */,
				DAA1021C2053444000A25EFC /* RoundButton.swift */,
				DAC8DFF9206F55A5005D627B /* SmallRoundButton.swift */,
				DA78986D204F5F69005046D8 /* ViewModelItemType.swift */,
				DA05B7D620FEC84700729AF4 /* ShadowLabel.swift */,
				DA8DC6F821F6500300663DB4 /* TopCornersRoundedView.swift */,
				DA8DC6FA21F66F1B00663DB4 /* BottomCornersRoundedView.swift */,
				DA09E2F922126E5A0050C1E8 /* GradientView.swift */,
				DAEA7483222FBB0700AEDF95 /* RoundCornerView.swift */,
				DA687C3522605EAC0037DD48 /* RoundProfileIconButton.swift */,
			);
			path = View;
			sourceTree = "<group>";
		};
		DA359C792043722A000190AD /* Controller */ = {
			isa = PBXGroup;
			children = (
				DA5AEDA120769C190094AA57 /* Login */,
				DAC6384E20B3A9C60004891D /* MainTabBar */,
				DAC6384B20B3A29C0004891D /* Home */,
				DAC6384C20B3A7D20004891D /* Now */,
				DAC6384D20B3A7FC0004891D /* Profile */,
				DA5AEDAC2076FFDD0094AA57 /* Journal */,
			);
			path = Controller;
			sourceTree = "<group>";
		};
		DA361D2B20840A25007ACE59 /* Storyboards */ = {
			isa = PBXGroup;
			children = (
				DA359C6C2043324F000190AD /* LaunchScreen.storyboard */,
				DA361D2C20840DD3007ACE59 /* Login.storyboard */,
				DA359C672043324F000190AD /* Main.storyboard */,
			);
			path = Storyboards;
			sourceTree = "<group>";
		};
		DA388FA720F2E1C200AC5EDC /* Fonts */ = {
			isa = PBXGroup;
			children = (
			);
			name = Fonts;
			path = "New Group";
			sourceTree = "<group>";
		};
		DA5AEDA02076831D0094AA57 /* Supporting Files */ = {
			isa = PBXGroup;
			children = (
				DA359C6F2043324F000190AD /* Info.plist */,
				DA5AED9E207683120094AA57 /* GoogleService-Info.plist */,
			);
			path = "Supporting Files";
			sourceTree = "<group>";
		};
		DA5AEDA120769C190094AA57 /* Login */ = {
			isa = PBXGroup;
			children = (
				DA361D3020844F41007ACE59 /* LoginViewController.swift */,
				DAB060C921547EAC001DB425 /* NewUserViewController.swift */,
				DA5AEDA620769D0E0094AA57 /* WelcomeViewController.swift */,
			);
			path = Login;
			sourceTree = "<group>";
		};
		DA5AEDAC2076FFDD0094AA57 /* Journal */ = {
			isa = PBXGroup;
			children = (
				DAA1022420537A2400A25EFC /* JournalViewController.swift */,
				DA6D721320B4FD75002FCD1D /* MasterJournalViewController.swift */,
				DA404BD420B103DC007220F4 /* CounterViewController.swift */,
				DA061137225003AA008CABE5 /* MindViewController.swift */,
			);
			path = Journal;
			sourceTree = "<group>";
		};
		DA78987D2050DBB6005046D8 /* Now */ = {
			isa = PBXGroup;
			children = (
				DA78988E2053102E005046D8 /* NowTableViewCell.swift */,
				DABCD8F720CC49210091AD0B /* NowConstants.swift */,
			);
			path = Now;
			sourceTree = "<group>";
		};
		DA78987E2050DBBC005046D8 /* Profile */ = {
			isa = PBXGroup;
			children = (
			);
			path = Profile;
			sourceTree = "<group>";
		};
		DAA1022620537D5200A25EFC /* Journal */ = {
			isa = PBXGroup;
			children = (
				DAA1022720537D6600A25EFC /* JournalTableViewCell.swift */,
				DA15AE1120B649B400EFC4C2 /* CounterTableViewCell.swift */,
				DA2223A120E8672800103829 /* ResponseTableViewCell.swift */,
			);
			path = Journal;
			sourceTree = "<group>";
		};
		DAA102292053801D00A25EFC /* Extensions */ = {
			isa = PBXGroup;
			children = (
				DA015BF32073E36300A0342F /* UIViewControllerExtension.swift */,
				DAA1022A2053804900A25EFC /* UITextView+Expanding.swift */,
				DA05883720EEFC970065098D /* UITextView+DoneButton.swift */,
				DA361D3420858297007ACE59 /* Storyboard+Utility.swift */,
				DA361D3820896E5D007ACE59 /* Date+convertToString.swift */,
				DABCD8F520CC47360091AD0B /* UIColor+Conveinence.swift */,
				DA9CC27820FD5413001A89B7 /* UIView+Extension.swift */,
				DAE95B3221E30B6300F01848 /* Thread+Extension.swift */,
				DA20FEDC21F03643000F0C53 /* UIImage+Extension.swift */,
				DAB931042204129800808018 /* UIImageView+Extension.swift */,
				DAABB5D32207CB2100066AF8 /* CALayer+Extension.swift */,
			);
			path = Extensions;
			sourceTree = "<group>";
		};
		DAC6384B20B3A29C0004891D /* Home */ = {
			isa = PBXGroup;
			children = (
				DAC8DFFB206F5A67005D627B /* UserInforViewController.swift */,
			);
			path = Home;
			sourceTree = "<group>";
		};
		DAC6384C20B3A7D20004891D /* Now */ = {
			isa = PBXGroup;
			children = (
				DA78988C2052EFA1005046D8 /* NowViewController.swift */,
				DA687C37226064F00037DD48 /* UserProfileViewController.swift */,
			);
			path = Now;
			sourceTree = "<group>";
		};
		DAC6384D20B3A7FC0004891D /* Profile */ = {
			isa = PBXGroup;
			children = (
				DA7898822051E39E005046D8 /* ProfileViewController.swift */,
				DA78987520507C86005046D8 /* ProfileTableViewCell.swift */,
			);
			path = Profile;
			sourceTree = "<group>";
		};
		DAC6384E20B3A9C60004891D /* MainTabBar */ = {
			isa = PBXGroup;
			children = (
				DA272F7022266CCB005B8157 /* MasterViewController.swift */,
				DAF1B32E207AFDFD0090EBF0 /* MainTabBarViewController.swift */,
			);
			path = MainTabBar;
			sourceTree = "<group>";
		};
		DACA911A20FBD06500475CE5 /* Habits */ = {
			isa = PBXGroup;
			children = (
				DA272D0C20BCE72B00137039 /* CounterAdvice.swift */,
				DACA911B20FBD09200475CE5 /* HabitFact.swift */,
				DACA911D20FBD0B700475CE5 /* HabitQuote.swift */,
			);
			path = Habits;
			sourceTree = "<group>";
		};
/* End PBXGroup section */

/* Begin PBXNativeTarget section */
		DA359C5F2043324F000190AD /* finalProject */ = {
			isa = PBXNativeTarget;
			buildConfigurationList = DA359C722043324F000190AD /* Build configuration list for PBXNativeTarget "finalProject" */;
			buildPhases = (
				2EF20D33E56655C076B0632D /* [CP] Check Pods Manifest.lock */,
				DA359C5C2043324F000190AD /* Sources */,
				DA359C5D2043324F000190AD /* Frameworks */,
				DA359C5E2043324F000190AD /* Resources */,
				C39CF84F7A0E41C186D361E6 /* [CP] Embed Pods Frameworks */,
			);
			buildRules = (
			);
			dependencies = (
			);
			name = finalProject;
			productName = finalProject;
			productReference = DA359C602043324F000190AD /* finalProject.app */;
			productType = "com.apple.product-type.application";
		};
/* End PBXNativeTarget section */

/* Begin PBXProject section */
		DA359C582043324F000190AD /* Project object */ = {
			isa = PBXProject;
			attributes = {
				LastSwiftUpdateCheck = 0920;
				LastUpgradeCheck = 0940;
				ORGANIZATIONNAME = "Andrew Jenson";
				TargetAttributes = {
					DA359C5F2043324F000190AD = {
						CreatedOnToolsVersion = 9.2;
						LastSwiftMigration = 1010;
						ProvisioningStyle = Automatic;
					};
				};
			};
			buildConfigurationList = DA359C5B2043324F000190AD /* Build configuration list for PBXProject "finalProject" */;
			compatibilityVersion = "Xcode 10.0";
			developmentRegion = en;
			hasScannedForEncodings = 0;
			knownRegions = (
				en,
				Base,
			);
			mainGroup = DA359C572043324F000190AD;
			productRefGroup = DA359C612043324F000190AD /* Products */;
			projectDirPath = "";
			projectRoot = "";
			targets = (
				DA359C5F2043324F000190AD /* finalProject */,
			);
		};
/* End PBXProject section */

/* Begin PBXResourcesBuildPhase section */
		DA359C5E2043324F000190AD /* Resources */ = {
			isa = PBXResourcesBuildPhase;
			buildActionMask = 2147483647;
			files = (
				DA359C6E2043324F000190AD /* LaunchScreen.storyboard in Resources */,
				DA5AED9F207683120094AA57 /* GoogleService-Info.plist in Resources */,
				DA361D2D20840DD3007ACE59 /* Login.storyboard in Resources */,
				DA359C692043324F000190AD /* Main.storyboard in Resources */,
				DAB647E921F03FBB00CBB6AE /* Assets.xcassets in Resources */,
			);
			runOnlyForDeploymentPostprocessing = 0;
		};
/* End PBXResourcesBuildPhase section */

/* Begin PBXShellScriptBuildPhase section */
		2EF20D33E56655C076B0632D /* [CP] Check Pods Manifest.lock */ = {
			isa = PBXShellScriptBuildPhase;
			buildActionMask = 2147483647;
			files = (
			);
			inputPaths = (
				"${PODS_PODFILE_DIR_PATH}/Podfile.lock",
				"${PODS_ROOT}/Manifest.lock",
			);
			name = "[CP] Check Pods Manifest.lock";
			outputPaths = (
				"$(DERIVED_FILE_DIR)/Pods-finalProject-checkManifestLockResult.txt",
			);
			runOnlyForDeploymentPostprocessing = 0;
			shellPath = /bin/sh;
			shellScript = "diff \"${PODS_PODFILE_DIR_PATH}/Podfile.lock\" \"${PODS_ROOT}/Manifest.lock\" > /dev/null\nif [ $? != 0 ] ; then\n    # print error to STDERR\n    echo \"error: The sandbox is not in sync with the Podfile.lock. Run 'pod install' or update your CocoaPods installation.\" >&2\n    exit 1\nfi\n# This output is used by Xcode 'outputs' to avoid re-running this script phase.\necho \"SUCCESS\" > \"${SCRIPT_OUTPUT_FILE_0}\"\n";
			showEnvVarsInLog = 0;
		};
		C39CF84F7A0E41C186D361E6 /* [CP] Embed Pods Frameworks */ = {
			isa = PBXShellScriptBuildPhase;
			buildActionMask = 2147483647;
			files = (
			);
			inputPaths = (
				"${PODS_ROOT}/Target Support Files/Pods-finalProject/Pods-finalProject-frameworks.sh",
				"${BUILT_PRODUCTS_DIR}/ChameleonFramework/ChameleonFramework.framework",
				"${BUILT_PRODUCTS_DIR}/SVProgressHUD/SVProgressHUD.framework",
			);
			name = "[CP] Embed Pods Frameworks";
			outputPaths = (
				"${TARGET_BUILD_DIR}/${FRAMEWORKS_FOLDER_PATH}/ChameleonFramework.framework",
				"${TARGET_BUILD_DIR}/${FRAMEWORKS_FOLDER_PATH}/SVProgressHUD.framework",
			);
			runOnlyForDeploymentPostprocessing = 0;
			shellPath = /bin/sh;
			shellScript = "\"${PODS_ROOT}/Target Support Files/Pods-finalProject/Pods-finalProject-frameworks.sh\"\n";
			showEnvVarsInLog = 0;
		};
/* End PBXShellScriptBuildPhase section */

/* Begin PBXSourcesBuildPhase section */
		DA359C5C2043324F000190AD /* Sources */ = {
			isa = PBXSourcesBuildPhase;
			buildActionMask = 2147483647;
			files = (
				DA05883620EEF47F0065098D /* KeyboardService.swift in Sources */,
				DA05883820EEFC970065098D /* UITextView+DoneButton.swift in Sources */,
				DA531D3920C19F4E00EA9A83 /* RoundCorneredButton.swift in Sources */,
				DA361D3920896E5D007ACE59 /* Date+convertToString.swift in Sources */,
				DA061138225003AA008CABE5 /* MindViewController.swift in Sources */,
				DA015BF42073E36300A0342F /* UIViewControllerExtension.swift in Sources */,
				DAC8DFFC206F5A67005D627B /* UserInforViewController.swift in Sources */,
				DAA1021D2053444000A25EFC /* RoundButton.swift in Sources */,
				DA6D721420B4FD75002FCD1D /* MasterJournalViewController.swift in Sources */,
				DA0EDE0E2104EF6D00B9363F /* Hint.swift in Sources */,
				DA9CC27920FD5413001A89B7 /* UIView+Extension.swift in Sources */,
				DA511DE3213F171B0056949B /* MoodData.swift in Sources */,
				DAE2977A20BB76EC00868BF2 /* InternetConnection.swift in Sources */,
				DA5AEDAE2077000F0094AA57 /* JournalMessage.swift in Sources */,
				DA606B512064969100DD14C0 /* Topic.swift in Sources */,
				DA361D3120844F41007ACE59 /* LoginViewController.swift in Sources */,
				DA78988F2053102E005046D8 /* NowTableViewCell.swift in Sources */,
				DAC6384A20B1CE310004891D /* GoalItem.swift in Sources */,
				DAE1EC6620AA801E00EA9B3E /* EditButton.swift in Sources */,
				DAEA7484222FBB0700AEDF95 /* RoundCornerView.swift in Sources */,
				DA6EBB3721CACF2C006F7259 /* HeaderData.swift in Sources */,
				DA687C38226064F00037DD48 /* UserProfileViewController.swift in Sources */,
				DAC8DFF8206EFB13005D627B /* NowData.swift in Sources */,
				DA0EDE0C2104EEB300B9363F /* Quote.swift in Sources */,
				DA78986E204F5F69005046D8 /* ViewModelItemType.swift in Sources */,
				DA8DC6F921F6500300663DB4 /* TopCornersRoundedView.swift in Sources */,
				DAABB5D42207CB2100066AF8 /* CALayer+Extension.swift in Sources */,
				DA20FEDD21F03643000F0C53 /* UIImage+Extension.swift in Sources */,
				DAC8DFF6206ED93B005D627B /* TopicData.swift in Sources */,
				DA361D3520858297007ACE59 /* Storyboard+Utility.swift in Sources */,
				DAE95B3321E30B6300F01848 /* Thread+Extension.swift in Sources */,
				DAB931052204129800808018 /* UIImageView+Extension.swift in Sources */,
				DA78987620507C86005046D8 /* ProfileTableViewCell.swift in Sources */,
				DACA911E20FBD0B700475CE5 /* HabitQuote.swift in Sources */,
				DAA1022520537A2400A25EFC /* JournalViewController.swift in Sources */,
				DA272F7122266CCB005B8157 /* MasterViewController.swift in Sources */,
				DA2B860120B9EB52005B7DD6 /* ProfileItem.swift in Sources */,
				DA59A24A209E4845008018D1 /* NewUserList.swift in Sources */,
				DACA911C20FBD09200475CE5 /* HabitFact.swift in Sources */,
				DA272D0D20BCE72B00137039 /* CounterAdvice.swift in Sources */,
				DADE4C7A20E9A5D300E19393 /* QuoteData.swift in Sources */,
				DA3F77C52055BE4800F7361A /* Tip.swift in Sources */,
				DAC8DFFA206F55A5005D627B /* SmallRoundButton.swift in Sources */,
				DA359C642043324F000190AD /* AppDelegate.swift in Sources */,
				DA388FA620F2957000AC5EDC /* CardView.swift in Sources */,
				DABCD8F820CC49210091AD0B /* NowConstants.swift in Sources */,
				DA7898892051E8EC005046D8 /* ProfileDataResults.swift in Sources */,
				DA7898872051E5E0005046D8 /* ProfileDataModel.swift in Sources */,
				DA2B85F720B8D59E005B7DD6 /* MessageItem.swift in Sources */,
				DAB0506E209AAF1E0066D705 /* ProfileUserData.swift in Sources */,
				DA404BD520B103DC007220F4 /* CounterViewController.swift in Sources */,
				DA361D2F2084273E007ACE59 /* User.swift in Sources */,
				DA2223A220E8672800103829 /* ResponseTableViewCell.swift in Sources */,
				DA361D2320818BDF007ACE59 /* Constants.swift in Sources */,
				DAF1B32F207AFDFD0090EBF0 /* MainTabBarViewController.swift in Sources */,
				DA09E2FA22126E5A0050C1E8 /* GradientView.swift in Sources */,
				DA5AEDB420794CF90094AA57 /* ProfileStatement.swift in Sources */,
				DAA1022820537D6600A25EFC /* JournalTableViewCell.swift in Sources */,
				DA5AEDA720769D0E0094AA57 /* WelcomeViewController.swift in Sources */,
				DA015BF72073E3FC00A0342F /* GCDBlackBox.swift in Sources */,
				DA78988D2052EFA1005046D8 /* NowViewController.swift in Sources */,
				DA272D0B20BCE62200137039 /* AdviceData.swift in Sources */,
				DA5EE4C020918CBE00B54438 /* JournalAdvice.swift in Sources */,
				DA7898832051E39E005046D8 /* ProfileViewController.swift in Sources */,
				DA9CC27720FD3B58001A89B7 /* RoundedOvalButton.swift in Sources */,
				DAB060CA21547EAC001DB425 /* NewUserViewController.swift in Sources */,
				DA05B7D720FEC84700729AF4 /* ShadowLabel.swift in Sources */,
				DA8DC6FB21F66F1B00663DB4 /* BottomCornersRoundedView.swift in Sources */,
				DAA1021F2053448200A25EFC /* RoundImage.swift in Sources */,
				DABCD8F620CC47360091AD0B /* UIColor+Conveinence.swift in Sources */,
				DA687C3622605EAC0037DD48 /* RoundProfileIconButton.swift in Sources */,
				DAA1022B2053804900A25EFC /* UITextView+Expanding.swift in Sources */,
				DA6EBB3321C9C149006F7259 /* PersonAdvice.swift in Sources */,
				DA15AE1220B649B400EFC4C2 /* CounterTableViewCell.swift in Sources */,
				DA2BBE9B20A532EE00356777 /* ProfileSelectedPerson.swift in Sources */,
				DA6EBB3521C9CDEE006F7259 /* Header.swift in Sources */,
			);
			runOnlyForDeploymentPostprocessing = 0;
		};
/* End PBXSourcesBuildPhase section */

/* Begin PBXVariantGroup section */
		DA359C672043324F000190AD /* Main.storyboard */ = {
			isa = PBXVariantGroup;
			children = (
				DA359C682043324F000190AD /* Base */,
			);
			name = Main.storyboard;
			sourceTree = "<group>";
		};
		DA359C6C2043324F000190AD /* LaunchScreen.storyboard */ = {
			isa = PBXVariantGroup;
			children = (
				DA359C6D2043324F000190AD /* Base */,
			);
			name = LaunchScreen.storyboard;
			sourceTree = "<group>";
		};
/* End PBXVariantGroup section */

/* Begin XCBuildConfiguration section */
		DA359C702043324F000190AD /* Debug */ = {
			isa = XCBuildConfiguration;
			buildSettings = {
				ALWAYS_SEARCH_USER_PATHS = NO;
				CLANG_ANALYZER_NONNULL = YES;
				CLANG_ANALYZER_NUMBER_OBJECT_CONVERSION = YES_AGGRESSIVE;
				CLANG_CXX_LANGUAGE_STANDARD = "gnu++14";
				CLANG_CXX_LIBRARY = "libc++";
				CLANG_ENABLE_MODULES = YES;
				CLANG_ENABLE_OBJC_ARC = YES;
				CLANG_WARN_BLOCK_CAPTURE_AUTORELEASING = YES;
				CLANG_WARN_BOOL_CONVERSION = YES;
				CLANG_WARN_COMMA = YES;
				CLANG_WARN_CONSTANT_CONVERSION = YES;
				CLANG_WARN_DEPRECATED_OBJC_IMPLEMENTATIONS = YES;
				CLANG_WARN_DIRECT_OBJC_ISA_USAGE = YES_ERROR;
				CLANG_WARN_DOCUMENTATION_COMMENTS = YES;
				CLANG_WARN_EMPTY_BODY = YES;
				CLANG_WARN_ENUM_CONVERSION = YES;
				CLANG_WARN_INFINITE_RECURSION = YES;
				CLANG_WARN_INT_CONVERSION = YES;
				CLANG_WARN_NON_LITERAL_NULL_CONVERSION = YES;
				CLANG_WARN_OBJC_IMPLICIT_RETAIN_SELF = YES;
				CLANG_WARN_OBJC_LITERAL_CONVERSION = YES;
				CLANG_WARN_OBJC_ROOT_CLASS = YES_ERROR;
				CLANG_WARN_RANGE_LOOP_ANALYSIS = YES;
				CLANG_WARN_STRICT_PROTOTYPES = YES;
				CLANG_WARN_SUSPICIOUS_MOVE = YES;
				CLANG_WARN_UNGUARDED_AVAILABILITY = YES_AGGRESSIVE;
				CLANG_WARN_UNREACHABLE_CODE = YES;
				CLANG_WARN__DUPLICATE_METHOD_MATCH = YES;
				CODE_SIGN_IDENTITY = "iPhone Developer";
				COPY_PHASE_STRIP = NO;
				DEBUG_INFORMATION_FORMAT = dwarf;
				ENABLE_STRICT_OBJC_MSGSEND = YES;
				ENABLE_TESTABILITY = YES;
				GCC_C_LANGUAGE_STANDARD = gnu11;
				GCC_DYNAMIC_NO_PIC = NO;
				GCC_NO_COMMON_BLOCKS = YES;
				GCC_OPTIMIZATION_LEVEL = 0;
				GCC_PREPROCESSOR_DEFINITIONS = (
					"DEBUG=1",
					"$(inherited)",
				);
				GCC_WARN_64_TO_32_BIT_CONVERSION = YES;
				GCC_WARN_ABOUT_RETURN_TYPE = YES_ERROR;
				GCC_WARN_UNDECLARED_SELECTOR = YES;
				GCC_WARN_UNINITIALIZED_AUTOS = YES_AGGRESSIVE;
				GCC_WARN_UNUSED_FUNCTION = YES;
				GCC_WARN_UNUSED_VARIABLE = YES;
				IPHONEOS_DEPLOYMENT_TARGET = 11.2;
				MTL_ENABLE_DEBUG_INFO = YES;
				ONLY_ACTIVE_ARCH = YES;
				SDKROOT = iphoneos;
				SWIFT_ACTIVE_COMPILATION_CONDITIONS = DEBUG;
				SWIFT_OPTIMIZATION_LEVEL = "-Onone";
			};
			name = Debug;
		};
		DA359C712043324F000190AD /* Release */ = {
			isa = XCBuildConfiguration;
			buildSettings = {
				ALWAYS_SEARCH_USER_PATHS = NO;
				CLANG_ANALYZER_NONNULL = YES;
				CLANG_ANALYZER_NUMBER_OBJECT_CONVERSION = YES_AGGRESSIVE;
				CLANG_CXX_LANGUAGE_STANDARD = "gnu++14";
				CLANG_CXX_LIBRARY = "libc++";
				CLANG_ENABLE_MODULES = YES;
				CLANG_ENABLE_OBJC_ARC = YES;
				CLANG_WARN_BLOCK_CAPTURE_AUTORELEASING = YES;
				CLANG_WARN_BOOL_CONVERSION = YES;
				CLANG_WARN_COMMA = YES;
				CLANG_WARN_CONSTANT_CONVERSION = YES;
				CLANG_WARN_DEPRECATED_OBJC_IMPLEMENTATIONS = YES;
				CLANG_WARN_DIRECT_OBJC_ISA_USAGE = YES_ERROR;
				CLANG_WARN_DOCUMENTATION_COMMENTS = YES;
				CLANG_WARN_EMPTY_BODY = YES;
				CLANG_WARN_ENUM_CONVERSION = YES;
				CLANG_WARN_INFINITE_RECURSION = YES;
				CLANG_WARN_INT_CONVERSION = YES;
				CLANG_WARN_NON_LITERAL_NULL_CONVERSION = YES;
				CLANG_WARN_OBJC_IMPLICIT_RETAIN_SELF = YES;
				CLANG_WARN_OBJC_LITERAL_CONVERSION = YES;
				CLANG_WARN_OBJC_ROOT_CLASS = YES_ERROR;
				CLANG_WARN_RANGE_LOOP_ANALYSIS = YES;
				CLANG_WARN_STRICT_PROTOTYPES = YES;
				CLANG_WARN_SUSPICIOUS_MOVE = YES;
				CLANG_WARN_UNGUARDED_AVAILABILITY = YES_AGGRESSIVE;
				CLANG_WARN_UNREACHABLE_CODE = YES;
				CLANG_WARN__DUPLICATE_METHOD_MATCH = YES;
				CODE_SIGN_IDENTITY = "iPhone Developer";
				COPY_PHASE_STRIP = NO;
				DEBUG_INFORMATION_FORMAT = "dwarf-with-dsym";
				ENABLE_NS_ASSERTIONS = NO;
				ENABLE_STRICT_OBJC_MSGSEND = YES;
				GCC_C_LANGUAGE_STANDARD = gnu11;
				GCC_NO_COMMON_BLOCKS = YES;
				GCC_WARN_64_TO_32_BIT_CONVERSION = YES;
				GCC_WARN_ABOUT_RETURN_TYPE = YES_ERROR;
				GCC_WARN_UNDECLARED_SELECTOR = YES;
				GCC_WARN_UNINITIALIZED_AUTOS = YES_AGGRESSIVE;
				GCC_WARN_UNUSED_FUNCTION = YES;
				GCC_WARN_UNUSED_VARIABLE = YES;
				IPHONEOS_DEPLOYMENT_TARGET = 11.2;
				MTL_ENABLE_DEBUG_INFO = NO;
				SDKROOT = iphoneos;
				SWIFT_COMPILATION_MODE = wholemodule;
				SWIFT_OPTIMIZATION_LEVEL = "-O";
				VALIDATE_PRODUCT = YES;
			};
			name = Release;
		};
		DA359C732043324F000190AD /* Debug */ = {
			isa = XCBuildConfiguration;
			baseConfigurationReference = 7CE7DB62B68C9D78CB70C3F6 /* Pods-finalProject.debug.xcconfig */;
			buildSettings = {
				ASSETCATALOG_COMPILER_APPICON_NAME = AppIcon;
				CODE_SIGN_STYLE = Automatic;
				DEVELOPMENT_TEAM = 4N25H97F3B;
				INFOPLIST_FILE = "$(SRCROOT)/finalProject/Supporting Files/Info.plist";
				IPHONEOS_DEPLOYMENT_TARGET = 12.1;
				LD_RUNPATH_SEARCH_PATHS = (
					"$(inherited)",
					"@executable_path/Frameworks",
				);
				PRODUCT_BUNDLE_IDENTIFIER = AndrewJenson.finalProject;
				PRODUCT_NAME = "$(TARGET_NAME)";
				SKIP_INSTALL = NO;
				SWIFT_VERSION = 4.2;
				TARGETED_DEVICE_FAMILY = "1,2";
			};
			name = Debug;
		};
		DA359C742043324F000190AD /* Release */ = {
			isa = XCBuildConfiguration;
			baseConfigurationReference = 208C5C3F877D89292FF1C441 /* Pods-finalProject.release.xcconfig */;
			buildSettings = {
				ASSETCATALOG_COMPILER_APPICON_NAME = AppIcon;
				CODE_SIGN_STYLE = Automatic;
				DEVELOPMENT_TEAM = 4N25H97F3B;
				INFOPLIST_FILE = "$(SRCROOT)/finalProject/Supporting Files/Info.plist";
				IPHONEOS_DEPLOYMENT_TARGET = 12.1;
				LD_RUNPATH_SEARCH_PATHS = (
					"$(inherited)",
					"@executable_path/Frameworks",
				);
				PRODUCT_BUNDLE_IDENTIFIER = AndrewJenson.finalProject;
				PRODUCT_NAME = "$(TARGET_NAME)";
				SKIP_INSTALL = NO;
				SWIFT_VERSION = 4.2;
				TARGETED_DEVICE_FAMILY = "1,2";
			};
			name = Release;
		};
/* End XCBuildConfiguration section */

/* Begin XCConfigurationList section */
		DA359C5B2043324F000190AD /* Build configuration list for PBXProject "finalProject" */ = {
			isa = XCConfigurationList;
			buildConfigurations = (
				DA359C702043324F000190AD /* Debug */,
				DA359C712043324F000190AD /* Release */,
			);
			defaultConfigurationIsVisible = 0;
			defaultConfigurationName = Release;
		};
		DA359C722043324F000190AD /* Build configuration list for PBXNativeTarget "finalProject" */ = {
			isa = XCConfigurationList;
			buildConfigurations = (
				DA359C732043324F000190AD /* Debug */,
				DA359C742043324F000190AD /* Release */,
			);
			defaultConfigurationIsVisible = 0;
			defaultConfigurationName = Release;
		};
/* End XCConfigurationList section */
	};
	rootObject = DA359C582043324F000190AD /* Project object */;
}
